// !$*UTF8*$!
{
	archiveVersion = 1;
	classes = {
	};
	objectVersion = 46;
	objects = {

/* Begin PBXBuildFile section */
		1D3623260D0F684500981E51 /* TextAppDelegate.m in Sources */ = {isa = PBXBuildFile; fileRef = 1D3623250D0F684500981E51 /* TextAppDelegate.m */; };
		1D60589B0D05DD56006BFB54 /* main.m in Sources */ = {isa = PBXBuildFile; fileRef = 29B97316FDCFA39411CA2CEA /* main.m */; };
		1D60589F0D05DD5A006BFB54 /* Foundation.framework in Frameworks */ = {isa = PBXBuildFile; fileRef = 1D30AB110D05D00D00671497 /* Foundation.framework */; };
		1DF5F4E00D08C38300B7A737 /* UIKit.framework in Frameworks */ = {isa = PBXBuildFile; fileRef = 1DF5F4DF0D08C38300B7A737 /* UIKit.framework */; };
		2804200B108E984D000629CD /* RootViewController.m in Sources */ = {isa = PBXBuildFile; fileRef = 28042008108E984D000629CD /* RootViewController.m */; };
		2804200C108E984D000629CD /* DetailViewController.m in Sources */ = {isa = PBXBuildFile; fileRef = 2804200A108E984D000629CD /* DetailViewController.m */; };
		2804203C108E9BAB000629CD /* DetailView.xib in Resources */ = {isa = PBXBuildFile; fileRef = 2804203B108E9BAB000629CD /* DetailView.xib */; };
		280420C1108EA07E000629CD /* CoreData.framework in Frameworks */ = {isa = PBXBuildFile; fileRef = 280420C0108EA07E000629CD /* CoreData.framework */; };
		2819300E112F7FA900ECF9B4 /* text.xcdatamodeld in Sources */ = {isa = PBXBuildFile; fileRef = 2819300D112F7FA900ECF9B4 /* text.xcdatamodeld */; };
		2892E4100DC94CBA00A64D0F /* CoreGraphics.framework in Frameworks */ = {isa = PBXBuildFile; fileRef = 2892E40F0DC94CBA00A64D0F /* CoreGraphics.framework */; };
		28AD73600D9D9599002E5188 /* MainWindow.xib in Resources */ = {isa = PBXBuildFile; fileRef = 28AD735F0D9D9599002E5188 /* MainWindow.xib */; };
		C51B76EF1192FC3A00BB1830 /* options.png in Resources */ = {isa = PBXBuildFile; fileRef = C51B76EE1192FC3A00BB1830 /* options.png */; };
		C51B781C1193064200BB1830 /* iPad-Launch-Image-Portrait.png in Resources */ = {isa = PBXBuildFile; fileRef = C51B781A1193064200BB1830 /* iPad-Launch-Image-Portrait.png */; };
		C51B781D1193064200BB1830 /* iPad-Launch-Image-Landscape.png in Resources */ = {isa = PBXBuildFile; fileRef = C51B781B1193064200BB1830 /* iPad-Launch-Image-Landscape.png */; };
		C51B78271193131000BB1830 /* app-icon.png in Resources */ = {isa = PBXBuildFile; fileRef = C51B78261193131000BB1830 /* app-icon.png */; };
		C534D767118AEF0C001A4856 /* NSObject+SBJSON.m in Sources */ = {isa = PBXBuildFile; fileRef = C534D75C118AEF0C001A4856 /* NSObject+SBJSON.m */; };
		C534D768118AEF0C001A4856 /* NSString+SBJSON.m in Sources */ = {isa = PBXBuildFile; fileRef = C534D75E118AEF0C001A4856 /* NSString+SBJSON.m */; };
		C534D769118AEF0C001A4856 /* SBJSON.m in Sources */ = {isa = PBXBuildFile; fileRef = C534D760118AEF0C001A4856 /* SBJSON.m */; };
		C534D76A118AEF0C001A4856 /* SBJsonBase.m in Sources */ = {isa = PBXBuildFile; fileRef = C534D762118AEF0C001A4856 /* SBJsonBase.m */; };
		C534D76B118AEF0C001A4856 /* SBJsonParser.m in Sources */ = {isa = PBXBuildFile; fileRef = C534D764118AEF0C001A4856 /* SBJsonParser.m */; };
		C534D76C118AEF0C001A4856 /* SBJsonWriter.m in Sources */ = {isa = PBXBuildFile; fileRef = C534D766118AEF0C001A4856 /* SBJsonWriter.m */; };
		C534D77E118B7B15001A4856 /* Reachability.m in Sources */ = {isa = PBXBuildFile; fileRef = C534D77D118B7B15001A4856 /* Reachability.m */; };
		C534D78A118B7B42001A4856 /* CFNetwork.framework in Frameworks */ = {isa = PBXBuildFile; fileRef = C534D789118B7B42001A4856 /* CFNetwork.framework */; };
		C534D791118B7B68001A4856 /* SystemConfiguration.framework in Frameworks */ = {isa = PBXBuildFile; fileRef = C534D790118B7B68001A4856 /* SystemConfiguration.framework */; };
		C534D797118B7B96001A4856 /* libz.1.2.3.dylib in Frameworks */ = {isa = PBXBuildFile; fileRef = C534D796118B7B96001A4856 /* libz.1.2.3.dylib */; };
		C534D7A5118B7BBC001A4856 /* ioapi.c in Sources */ = {isa = PBXBuildFile; fileRef = C534D79B118B7BBC001A4856 /* ioapi.c */; };
		C534D7A6118B7BBC001A4856 /* mztools.c in Sources */ = {isa = PBXBuildFile; fileRef = C534D79D118B7BBC001A4856 /* mztools.c */; };
		C534D7A7118B7BBC001A4856 /* unzip.c in Sources */ = {isa = PBXBuildFile; fileRef = C534D79F118B7BBC001A4856 /* unzip.c */; };
		C534D7A8118B7BBC001A4856 /* zip.c in Sources */ = {isa = PBXBuildFile; fileRef = C534D7A1118B7BBC001A4856 /* zip.c */; };
		C534D7A9118B7BBC001A4856 /* ZipArchive.mm in Sources */ = {isa = PBXBuildFile; fileRef = C534D7A3118B7BBC001A4856 /* ZipArchive.mm */; };
		C534D7D5118B7C7A001A4856 /* localhostAddresses.m in Sources */ = {isa = PBXBuildFile; fileRef = C534D7BF118B7C7A001A4856 /* localhostAddresses.m */; };
		C534D7D6118B7C7A001A4856 /* MyHTTPConnection.m in Sources */ = {isa = PBXBuildFile; fileRef = C534D7C1118B7C7A001A4856 /* MyHTTPConnection.m */; };
		C534D7D7118B7C7A001A4856 /* AsyncSocket.m in Sources */ = {isa = PBXBuildFile; fileRef = C534D7C3118B7C7A001A4856 /* AsyncSocket.m */; };
		C534D7D8118B7C7A001A4856 /* DDData.m in Sources */ = {isa = PBXBuildFile; fileRef = C534D7C5118B7C7A001A4856 /* DDData.m */; };
		C534D7D9118B7C7A001A4856 /* DDNumber.m in Sources */ = {isa = PBXBuildFile; fileRef = C534D7C7118B7C7A001A4856 /* DDNumber.m */; };
		C534D7DA118B7C7A001A4856 /* DDRange.m in Sources */ = {isa = PBXBuildFile; fileRef = C534D7C9118B7C7A001A4856 /* DDRange.m */; };
		C534D7DB118B7C7A001A4856 /* HTTPAsyncFileResponse.m in Sources */ = {isa = PBXBuildFile; fileRef = C534D7CB118B7C7A001A4856 /* HTTPAsyncFileResponse.m */; };
		C534D7DC118B7C7A001A4856 /* HTTPAuthenticationRequest.m in Sources */ = {isa = PBXBuildFile; fileRef = C534D7CD118B7C7A001A4856 /* HTTPAuthenticationRequest.m */; };
		C534D7DD118B7C7A001A4856 /* HTTPConnection.m in Sources */ = {isa = PBXBuildFile; fileRef = C534D7CF118B7C7A001A4856 /* HTTPConnection.m */; };
		C534D7DE118B7C7A001A4856 /* HTTPResponse.m in Sources */ = {isa = PBXBuildFile; fileRef = C534D7D1118B7C7A001A4856 /* HTTPResponse.m */; };
		C534D7DF118B7C7A001A4856 /* HTTPServer.m in Sources */ = {isa = PBXBuildFile; fileRef = C534D7D3118B7C7A001A4856 /* HTTPServer.m */; };
		C534D7E0118B7C7A001A4856 /* ReadMe.txt in Resources */ = {isa = PBXBuildFile; fileRef = C534D7D4118B7C7A001A4856 /* ReadMe.txt */; };
		C534D810118BA7F0001A4856 /* ItemTableViewController.m in Sources */ = {isa = PBXBuildFile; fileRef = C534D80E118BA7F0001A4856 /* ItemTableViewController.m */; };
		C534D811118BA7F0001A4856 /* ItemTableViewController.xib in Resources */ = {isa = PBXBuildFile; fileRef = C534D80F118BA7F0001A4856 /* ItemTableViewController.xib */; };
		C534D99D118E4EC8001A4856 /* SettingsTableViewController.m in Sources */ = {isa = PBXBuildFile; fileRef = C534D99B118E4EC8001A4856 /* SettingsTableViewController.m */; };
		C534D99E118E4EC8001A4856 /* SettingsTableViewController.xib in Resources */ = {isa = PBXBuildFile; fileRef = C534D99C118E4EC8001A4856 /* SettingsTableViewController.xib */; };
		C534D9D1118F006C001A4856 /* BPConfig.m in Sources */ = {isa = PBXBuildFile; fileRef = C534D9D0118F006C001A4856 /* BPConfig.m */; };
		C534DA0F118F02E3001A4856 /* www in Resources */ = {isa = PBXBuildFile; fileRef = C534DA00118F02E3001A4856 /* www */; };
		C534DA1B118F03E9001A4856 /* config in Resources */ = {isa = PBXBuildFile; fileRef = C534DA14118F03E9001A4856 /* config */; };
		C537AB6F11904507005EC707 /* NewItemViewController.m in Sources */ = {isa = PBXBuildFile; fileRef = C537AB6D11904507005EC707 /* NewItemViewController.m */; };
		C537AB7011904507005EC707 /* NewItemViewController.xib in Resources */ = {isa = PBXBuildFile; fileRef = C537AB6E11904507005EC707 /* NewItemViewController.xib */; };
		C5453C6811A1D7FB00B117BE /* DBRequest.m in Sources */ = {isa = PBXBuildFile; fileRef = C5453C2F11A1D7FB00B117BE /* DBRequest.m */; };
		C5453C6911A1D7FB00B117BE /* DBRestClient.m in Sources */ = {isa = PBXBuildFile; fileRef = C5453C3111A1D7FB00B117BE /* DBRestClient.m */; };
		C5453C6A11A1D7FB00B117BE /* DBSession.m in Sources */ = {isa = PBXBuildFile; fileRef = C5453C3311A1D7FB00B117BE /* DBSession.m */; };
		C5453C7111A1D7FB00B117BE /* Base64Transcoder.c in Sources */ = {isa = PBXBuildFile; fileRef = C5453C4411A1D7FB00B117BE /* Base64Transcoder.c */; };
		C5453C7211A1D7FB00B117BE /* MPOAuthAPI.m in Sources */ = {isa = PBXBuildFile; fileRef = C5453C4911A1D7FB00B117BE /* MPOAuthAPI.m */; };
		C5453C7311A1D7FB00B117BE /* MPOAuthAPIRequestLoader.m in Sources */ = {isa = PBXBuildFile; fileRef = C5453C4B11A1D7FB00B117BE /* MPOAuthAPIRequestLoader.m */; };
		C5453C7411A1D7FB00B117BE /* MPOAuthAuthenticationMethod.m in Sources */ = {isa = PBXBuildFile; fileRef = C5453C4D11A1D7FB00B117BE /* MPOAuthAuthenticationMethod.m */; };
		C5453C7511A1D7FB00B117BE /* MPOAuthAuthenticationMethodOAuth.m in Sources */ = {isa = PBXBuildFile; fileRef = C5453C4F11A1D7FB00B117BE /* MPOAuthAuthenticationMethodOAuth.m */; };
		C5453C7611A1D7FB00B117BE /* MPOAuthConnection.m in Sources */ = {isa = PBXBuildFile; fileRef = C5453C5111A1D7FB00B117BE /* MPOAuthConnection.m */; };
		C5453C7711A1D7FB00B117BE /* MPOAuthCredentiaIConcreteStore+KeychainAdditionsMac.m in Sources */ = {isa = PBXBuildFile; fileRef = C5453C5211A1D7FB00B117BE /* MPOAuthCredentiaIConcreteStore+KeychainAdditionsMac.m */; };
		C5453C7811A1D7FB00B117BE /* MPOAuthCredentialConcreteStore+KeychainAdditionsiPhone.m in Sources */ = {isa = PBXBuildFile; fileRef = C5453C5411A1D7FB00B117BE /* MPOAuthCredentialConcreteStore+KeychainAdditionsiPhone.m */; };
		C5453C7911A1D7FB00B117BE /* MPOAuthCredentialConcreteStore.m in Sources */ = {isa = PBXBuildFile; fileRef = C5453C5611A1D7FB00B117BE /* MPOAuthCredentialConcreteStore.m */; };
		C5453C7A11A1D7FB00B117BE /* MPOAuthSignatureParameter.m in Sources */ = {isa = PBXBuildFile; fileRef = C5453C5A11A1D7FB00B117BE /* MPOAuthSignatureParameter.m */; };
		C5453C7B11A1D7FB00B117BE /* MPOAuthSignatureParameter.m.orig in Resources */ = {isa = PBXBuildFile; fileRef = C5453C5B11A1D7FB00B117BE /* MPOAuthSignatureParameter.m.orig */; };
		C5453C7C11A1D7FB00B117BE /* MPOAuthURLRequest.m in Sources */ = {isa = PBXBuildFile; fileRef = C5453C5D11A1D7FB00B117BE /* MPOAuthURLRequest.m */; };
		C5453C7D11A1D7FB00B117BE /* MPOAuthURLResponse.m in Sources */ = {isa = PBXBuildFile; fileRef = C5453C5F11A1D7FB00B117BE /* MPOAuthURLResponse.m */; };
		C5453C7E11A1D7FB00B117BE /* MPURLRequestParameter.m in Sources */ = {isa = PBXBuildFile; fileRef = C5453C6111A1D7FB00B117BE /* MPURLRequestParameter.m */; };
		C5453C7F11A1D7FB00B117BE /* NSString+URLEscapingAdditions.m in Sources */ = {isa = PBXBuildFile; fileRef = C5453C6311A1D7FB00B117BE /* NSString+URLEscapingAdditions.m */; };
		C5453C8011A1D7FB00B117BE /* NSURL+MPURLParameterAdditions.m in Sources */ = {isa = PBXBuildFile; fileRef = C5453C6511A1D7FB00B117BE /* NSURL+MPURLParameterAdditions.m */; };
		C5453C8111A1D7FB00B117BE /* NSURLResponse+Encoding.m in Sources */ = {isa = PBXBuildFile; fileRef = C5453C6711A1D7FB00B117BE /* NSURLResponse+Encoding.m */; };
		C5453C9811A1D87500B117BE /* Security.framework in Frameworks */ = {isa = PBXBuildFile; fileRef = C5453C9711A1D87500B117BE /* Security.framework */; };
		C599DB4F118915DC006E9CB3 /* BPTextView.m in Sources */ = {isa = PBXBuildFile; fileRef = C599DB4E118915DC006E9CB3 /* BPTextView.m */; };
		C599DB731189B5BC006E9CB3 /* MessageUI.framework in Frameworks */ = {isa = PBXBuildFile; fileRef = C599DB721189B5BC006E9CB3 /* MessageUI.framework */; };
		C599DC381189FE14006E9CB3 /* BPItemManager.m in Sources */ = {isa = PBXBuildFile; fileRef = C599DC371189FE14006E9CB3 /* BPItemManager.m */; };
		C599DC411189FEC4006E9CB3 /* BPItem.m in Sources */ = {isa = PBXBuildFile; fileRef = C599DC401189FEC4006E9CB3 /* BPItem.m */; };
/* End PBXBuildFile section */

/* Begin PBXFileReference section */
		1D30AB110D05D00D00671497 /* Foundation.framework */ = {isa = PBXFileReference; lastKnownFileType = wrapper.framework; name = Foundation.framework; path = System/Library/Frameworks/Foundation.framework; sourceTree = SDKROOT; };
		1D3623240D0F684500981E51 /* TextAppDelegate.h */ = {isa = PBXFileReference; fileEncoding = 4; lastKnownFileType = sourcecode.c.h; path = TextAppDelegate.h; sourceTree = "<group>"; };
		1D3623250D0F684500981E51 /* TextAppDelegate.m */ = {isa = PBXFileReference; fileEncoding = 4; lastKnownFileType = sourcecode.c.objc; path = TextAppDelegate.m; sourceTree = "<group>"; };
		1D6058910D05DD3D006BFB54 /* text.app */ = {isa = PBXFileReference; explicitFileType = wrapper.application; includeInIndex = 0; path = text.app; sourceTree = BUILT_PRODUCTS_DIR; };
		1DF5F4DF0D08C38300B7A737 /* UIKit.framework */ = {isa = PBXFileReference; lastKnownFileType = wrapper.framework; name = UIKit.framework; path = System/Library/Frameworks/UIKit.framework; sourceTree = SDKROOT; };
		28042007108E984D000629CD /* RootViewController.h */ = {isa = PBXFileReference; fileEncoding = 4; lastKnownFileType = sourcecode.c.h; path = RootViewController.h; sourceTree = "<group>"; };
		28042008108E984D000629CD /* RootViewController.m */ = {isa = PBXFileReference; fileEncoding = 4; lastKnownFileType = sourcecode.c.objc; path = RootViewController.m; sourceTree = "<group>"; };
		28042009108E984D000629CD /* DetailViewController.h */ = {isa = PBXFileReference; fileEncoding = 4; lastKnownFileType = sourcecode.c.h; path = DetailViewController.h; sourceTree = "<group>"; };
		2804200A108E984D000629CD /* DetailViewController.m */ = {isa = PBXFileReference; fileEncoding = 4; lastKnownFileType = sourcecode.c.objc; path = DetailViewController.m; sourceTree = "<group>"; };
		2804203B108E9BAB000629CD /* DetailView.xib */ = {isa = PBXFileReference; lastKnownFileType = file.xib; path = DetailView.xib; sourceTree = "<group>"; };
		280420B3108E9F58000629CD /* text.xcdatamodel */ = {isa = PBXFileReference; fileEncoding = 4; lastKnownFileType = wrapper.xcdatamodel; path = text.xcdatamodel; sourceTree = "<group>"; };
		280420C0108EA07E000629CD /* CoreData.framework */ = {isa = PBXFileReference; lastKnownFileType = wrapper.framework; name = CoreData.framework; path = System/Library/Frameworks/CoreData.framework; sourceTree = SDKROOT; };
		2892E40F0DC94CBA00A64D0F /* CoreGraphics.framework */ = {isa = PBXFileReference; lastKnownFileType = wrapper.framework; name = CoreGraphics.framework; path = System/Library/Frameworks/CoreGraphics.framework; sourceTree = SDKROOT; };
		28A0AAE50D9B0CCF005BE974 /* text_Prefix.pch */ = {isa = PBXFileReference; fileEncoding = 4; lastKnownFileType = sourcecode.c.h; path = text_Prefix.pch; sourceTree = "<group>"; };
		28AD735F0D9D9599002E5188 /* MainWindow.xib */ = {isa = PBXFileReference; lastKnownFileType = file.xib; path = MainWindow.xib; sourceTree = "<group>"; };
		29B97316FDCFA39411CA2CEA /* main.m */ = {isa = PBXFileReference; fileEncoding = 4; lastKnownFileType = sourcecode.c.objc; path = main.m; sourceTree = "<group>"; };
		8D1107310486CEB800E47090 /* text-Info.plist */ = {isa = PBXFileReference; fileEncoding = 4; lastKnownFileType = text.plist.xml; path = "text-Info.plist"; plistStructureDefinitionIdentifier = "com.apple.xcode.plist.structure-definition.iphone.info-plist"; sourceTree = "<group>"; };
		C51B768C11923C7A00BB1830 /* notes.textile */ = {isa = PBXFileReference; fileEncoding = 4; lastKnownFileType = text; path = notes.textile; sourceTree = "<group>"; };
		C51B76EE1192FC3A00BB1830 /* options.png */ = {isa = PBXFileReference; lastKnownFileType = image.png; path = options.png; sourceTree = "<group>"; };
		C51B781A1193064200BB1830 /* iPad-Launch-Image-Portrait.png */ = {isa = PBXFileReference; lastKnownFileType = image.png; path = "iPad-Launch-Image-Portrait.png"; sourceTree = "<group>"; };
		C51B781B1193064200BB1830 /* iPad-Launch-Image-Landscape.png */ = {isa = PBXFileReference; lastKnownFileType = image.png; path = "iPad-Launch-Image-Landscape.png"; sourceTree = "<group>"; };
		C51B78261193131000BB1830 /* app-icon.png */ = {isa = PBXFileReference; lastKnownFileType = image.png; path = "app-icon.png"; sourceTree = "<group>"; };
		C534D75A118AEF0C001A4856 /* JSON.h */ = {isa = PBXFileReference; fileEncoding = 4; lastKnownFileType = sourcecode.c.h; path = JSON.h; sourceTree = "<group>"; };
		C534D75B118AEF0C001A4856 /* NSObject+SBJSON.h */ = {isa = PBXFileReference; fileEncoding = 4; lastKnownFileType = sourcecode.c.h; path = "NSObject+SBJSON.h"; sourceTree = "<group>"; };
		C534D75C118AEF0C001A4856 /* NSObject+SBJSON.m */ = {isa = PBXFileReference; fileEncoding = 4; lastKnownFileType = sourcecode.c.objc; path = "NSObject+SBJSON.m"; sourceTree = "<group>"; };
		C534D75D118AEF0C001A4856 /* NSString+SBJSON.h */ = {isa = PBXFileReference; fileEncoding = 4; lastKnownFileType = sourcecode.c.h; path = "NSString+SBJSON.h"; sourceTree = "<group>"; };
		C534D75E118AEF0C001A4856 /* NSString+SBJSON.m */ = {isa = PBXFileReference; fileEncoding = 4; lastKnownFileType = sourcecode.c.objc; path = "NSString+SBJSON.m"; sourceTree = "<group>"; };
		C534D75F118AEF0C001A4856 /* SBJSON.h */ = {isa = PBXFileReference; fileEncoding = 4; lastKnownFileType = sourcecode.c.h; path = SBJSON.h; sourceTree = "<group>"; };
		C534D760118AEF0C001A4856 /* SBJSON.m */ = {isa = PBXFileReference; fileEncoding = 4; lastKnownFileType = sourcecode.c.objc; path = SBJSON.m; sourceTree = "<group>"; };
		C534D761118AEF0C001A4856 /* SBJsonBase.h */ = {isa = PBXFileReference; fileEncoding = 4; lastKnownFileType = sourcecode.c.h; path = SBJsonBase.h; sourceTree = "<group>"; };
		C534D762118AEF0C001A4856 /* SBJsonBase.m */ = {isa = PBXFileReference; fileEncoding = 4; lastKnownFileType = sourcecode.c.objc; path = SBJsonBase.m; sourceTree = "<group>"; };
		C534D763118AEF0C001A4856 /* SBJsonParser.h */ = {isa = PBXFileReference; fileEncoding = 4; lastKnownFileType = sourcecode.c.h; path = SBJsonParser.h; sourceTree = "<group>"; };
		C534D764118AEF0C001A4856 /* SBJsonParser.m */ = {isa = PBXFileReference; fileEncoding = 4; lastKnownFileType = sourcecode.c.objc; path = SBJsonParser.m; sourceTree = "<group>"; };
		C534D765118AEF0C001A4856 /* SBJsonWriter.h */ = {isa = PBXFileReference; fileEncoding = 4; lastKnownFileType = sourcecode.c.h; path = SBJsonWriter.h; sourceTree = "<group>"; };
		C534D766118AEF0C001A4856 /* SBJsonWriter.m */ = {isa = PBXFileReference; fileEncoding = 4; lastKnownFileType = sourcecode.c.objc; path = SBJsonWriter.m; sourceTree = "<group>"; };
		C534D77C118B7B15001A4856 /* Reachability.h */ = {isa = PBXFileReference; fileEncoding = 4; lastKnownFileType = sourcecode.c.h; path = Reachability.h; sourceTree = "<group>"; };
		C534D77D118B7B15001A4856 /* Reachability.m */ = {isa = PBXFileReference; fileEncoding = 4; lastKnownFileType = sourcecode.c.objc; path = Reachability.m; sourceTree = "<group>"; };
		C534D789118B7B42001A4856 /* CFNetwork.framework */ = {isa = PBXFileReference; lastKnownFileType = wrapper.framework; name = CFNetwork.framework; path = System/Library/Frameworks/CFNetwork.framework; sourceTree = SDKROOT; };
		C534D790118B7B68001A4856 /* SystemConfiguration.framework */ = {isa = PBXFileReference; lastKnownFileType = wrapper.framework; name = SystemConfiguration.framework; path = System/Library/Frameworks/SystemConfiguration.framework; sourceTree = SDKROOT; };
		C534D796118B7B96001A4856 /* libz.1.2.3.dylib */ = {isa = PBXFileReference; lastKnownFileType = "compiled.mach-o.dylib"; name = libz.1.2.3.dylib; path = usr/lib/libz.1.2.3.dylib; sourceTree = SDKROOT; };
		C534D79A118B7BBC001A4856 /* crypt.h */ = {isa = PBXFileReference; fileEncoding = 4; lastKnownFileType = sourcecode.c.h; path = crypt.h; sourceTree = "<group>"; };
		C534D79B118B7BBC001A4856 /* ioapi.c */ = {isa = PBXFileReference; fileEncoding = 4; lastKnownFileType = sourcecode.c.c; path = ioapi.c; sourceTree = "<group>"; };
		C534D79C118B7BBC001A4856 /* ioapi.h */ = {isa = PBXFileReference; fileEncoding = 4; lastKnownFileType = sourcecode.c.h; path = ioapi.h; sourceTree = "<group>"; };
		C534D79D118B7BBC001A4856 /* mztools.c */ = {isa = PBXFileReference; fileEncoding = 4; lastKnownFileType = sourcecode.c.c; path = mztools.c; sourceTree = "<group>"; };
		C534D79E118B7BBC001A4856 /* mztools.h */ = {isa = PBXFileReference; fileEncoding = 4; lastKnownFileType = sourcecode.c.h; path = mztools.h; sourceTree = "<group>"; };
		C534D79F118B7BBC001A4856 /* unzip.c */ = {isa = PBXFileReference; fileEncoding = 4; lastKnownFileType = sourcecode.c.c; path = unzip.c; sourceTree = "<group>"; };
		C534D7A0118B7BBC001A4856 /* unzip.h */ = {isa = PBXFileReference; fileEncoding = 4; lastKnownFileType = sourcecode.c.h; path = unzip.h; sourceTree = "<group>"; };
		C534D7A1118B7BBC001A4856 /* zip.c */ = {isa = PBXFileReference; fileEncoding = 4; lastKnownFileType = sourcecode.c.c; path = zip.c; sourceTree = "<group>"; };
		C534D7A2118B7BBC001A4856 /* zip.h */ = {isa = PBXFileReference; fileEncoding = 4; lastKnownFileType = sourcecode.c.h; path = zip.h; sourceTree = "<group>"; };
		C534D7A3118B7BBC001A4856 /* ZipArchive.mm */ = {isa = PBXFileReference; fileEncoding = 4; lastKnownFileType = sourcecode.cpp.objcpp; path = ZipArchive.mm; sourceTree = "<group>"; };
		C534D7A4118B7BBC001A4856 /* ZipArchive.h */ = {isa = PBXFileReference; fileEncoding = 4; lastKnownFileType = sourcecode.c.h; path = ZipArchive.h; sourceTree = "<group>"; };
		C534D7BE118B7C7A001A4856 /* localhostAddresses.h */ = {isa = PBXFileReference; fileEncoding = 4; lastKnownFileType = sourcecode.c.h; path = localhostAddresses.h; sourceTree = "<group>"; };
		C534D7BF118B7C7A001A4856 /* localhostAddresses.m */ = {isa = PBXFileReference; fileEncoding = 4; lastKnownFileType = sourcecode.c.objc; path = localhostAddresses.m; sourceTree = "<group>"; };
		C534D7C0118B7C7A001A4856 /* MyHTTPConnection.h */ = {isa = PBXFileReference; fileEncoding = 4; lastKnownFileType = sourcecode.c.h; path = MyHTTPConnection.h; sourceTree = "<group>"; };
		C534D7C1118B7C7A001A4856 /* MyHTTPConnection.m */ = {isa = PBXFileReference; fileEncoding = 4; lastKnownFileType = sourcecode.c.objc; path = MyHTTPConnection.m; sourceTree = "<group>"; };
		C534D7C2118B7C7A001A4856 /* AsyncSocket.h */ = {isa = PBXFileReference; fileEncoding = 4; lastKnownFileType = sourcecode.c.h; path = AsyncSocket.h; sourceTree = "<group>"; };
		C534D7C3118B7C7A001A4856 /* AsyncSocket.m */ = {isa = PBXFileReference; fileEncoding = 4; lastKnownFileType = sourcecode.c.objc; path = AsyncSocket.m; sourceTree = "<group>"; };
		C534D7C4118B7C7A001A4856 /* DDData.h */ = {isa = PBXFileReference; fileEncoding = 4; lastKnownFileType = sourcecode.c.h; path = DDData.h; sourceTree = "<group>"; };
		C534D7C5118B7C7A001A4856 /* DDData.m */ = {isa = PBXFileReference; fileEncoding = 4; lastKnownFileType = sourcecode.c.objc; path = DDData.m; sourceTree = "<group>"; };
		C534D7C6118B7C7A001A4856 /* DDNumber.h */ = {isa = PBXFileReference; fileEncoding = 4; lastKnownFileType = sourcecode.c.h; path = DDNumber.h; sourceTree = "<group>"; };
		C534D7C7118B7C7A001A4856 /* DDNumber.m */ = {isa = PBXFileReference; fileEncoding = 4; lastKnownFileType = sourcecode.c.objc; path = DDNumber.m; sourceTree = "<group>"; };
		C534D7C8118B7C7A001A4856 /* DDRange.h */ = {isa = PBXFileReference; fileEncoding = 4; lastKnownFileType = sourcecode.c.h; path = DDRange.h; sourceTree = "<group>"; };
		C534D7C9118B7C7A001A4856 /* DDRange.m */ = {isa = PBXFileReference; fileEncoding = 4; lastKnownFileType = sourcecode.c.objc; path = DDRange.m; sourceTree = "<group>"; };
		C534D7CA118B7C7A001A4856 /* HTTPAsyncFileResponse.h */ = {isa = PBXFileReference; fileEncoding = 4; lastKnownFileType = sourcecode.c.h; path = HTTPAsyncFileResponse.h; sourceTree = "<group>"; };
		C534D7CB118B7C7A001A4856 /* HTTPAsyncFileResponse.m */ = {isa = PBXFileReference; fileEncoding = 4; lastKnownFileType = sourcecode.c.objc; path = HTTPAsyncFileResponse.m; sourceTree = "<group>"; };
		C534D7CC118B7C7A001A4856 /* HTTPAuthenticationRequest.h */ = {isa = PBXFileReference; fileEncoding = 4; lastKnownFileType = sourcecode.c.h; path = HTTPAuthenticationRequest.h; sourceTree = "<group>"; };
		C534D7CD118B7C7A001A4856 /* HTTPAuthenticationRequest.m */ = {isa = PBXFileReference; fileEncoding = 4; lastKnownFileType = sourcecode.c.objc; path = HTTPAuthenticationRequest.m; sourceTree = "<group>"; };
		C534D7CE118B7C7A001A4856 /* HTTPConnection.h */ = {isa = PBXFileReference; fileEncoding = 4; lastKnownFileType = sourcecode.c.h; path = HTTPConnection.h; sourceTree = "<group>"; };
		C534D7CF118B7C7A001A4856 /* HTTPConnection.m */ = {isa = PBXFileReference; fileEncoding = 4; lastKnownFileType = sourcecode.c.objc; path = HTTPConnection.m; sourceTree = "<group>"; };
		C534D7D0118B7C7A001A4856 /* HTTPResponse.h */ = {isa = PBXFileReference; fileEncoding = 4; lastKnownFileType = sourcecode.c.h; path = HTTPResponse.h; sourceTree = "<group>"; };
		C534D7D1118B7C7A001A4856 /* HTTPResponse.m */ = {isa = PBXFileReference; fileEncoding = 4; lastKnownFileType = sourcecode.c.objc; path = HTTPResponse.m; sourceTree = "<group>"; };
		C534D7D2118B7C7A001A4856 /* HTTPServer.h */ = {isa = PBXFileReference; fileEncoding = 4; lastKnownFileType = sourcecode.c.h; path = HTTPServer.h; sourceTree = "<group>"; };
		C534D7D3118B7C7A001A4856 /* HTTPServer.m */ = {isa = PBXFileReference; fileEncoding = 4; lastKnownFileType = sourcecode.c.objc; path = HTTPServer.m; sourceTree = "<group>"; };
		C534D7D4118B7C7A001A4856 /* ReadMe.txt */ = {isa = PBXFileReference; fileEncoding = 4; lastKnownFileType = text; path = ReadMe.txt; sourceTree = "<group>"; };
		C534D80D118BA7F0001A4856 /* ItemTableViewController.h */ = {isa = PBXFileReference; fileEncoding = 4; lastKnownFileType = sourcecode.c.h; path = ItemTableViewController.h; sourceTree = "<group>"; };
		C534D80E118BA7F0001A4856 /* ItemTableViewController.m */ = {isa = PBXFileReference; fileEncoding = 4; lastKnownFileType = sourcecode.c.objc; path = ItemTableViewController.m; sourceTree = "<group>"; };
		C534D80F118BA7F0001A4856 /* ItemTableViewController.xib */ = {isa = PBXFileReference; lastKnownFileType = file.xib; path = ItemTableViewController.xib; sourceTree = "<group>"; };
		C534D99A118E4EC8001A4856 /* SettingsTableViewController.h */ = {isa = PBXFileReference; fileEncoding = 4; lastKnownFileType = sourcecode.c.h; path = SettingsTableViewController.h; sourceTree = "<group>"; };
		C534D99B118E4EC8001A4856 /* SettingsTableViewController.m */ = {isa = PBXFileReference; fileEncoding = 4; lastKnownFileType = sourcecode.c.objc; path = SettingsTableViewController.m; sourceTree = "<group>"; };
		C534D99C118E4EC8001A4856 /* SettingsTableViewController.xib */ = {isa = PBXFileReference; lastKnownFileType = file.xib; path = SettingsTableViewController.xib; sourceTree = "<group>"; };
		C534D9CF118F006C001A4856 /* BPConfig.h */ = {isa = PBXFileReference; fileEncoding = 4; lastKnownFileType = sourcecode.c.h; path = BPConfig.h; sourceTree = "<group>"; };
		C534D9D0118F006C001A4856 /* BPConfig.m */ = {isa = PBXFileReference; fileEncoding = 4; lastKnownFileType = sourcecode.c.objc; path = BPConfig.m; sourceTree = "<group>"; };
		C534DA00118F02E3001A4856 /* www */ = {isa = PBXFileReference; lastKnownFileType = folder; path = www; sourceTree = "<group>"; };
		C534DA14118F03E9001A4856 /* config */ = {isa = PBXFileReference; lastKnownFileType = folder; path = config; sourceTree = "<group>"; };
		C537AB6C11904507005EC707 /* NewItemViewController.h */ = {isa = PBXFileReference; fileEncoding = 4; lastKnownFileType = sourcecode.c.h; path = NewItemViewController.h; sourceTree = "<group>"; };
		C537AB6D11904507005EC707 /* NewItemViewController.m */ = {isa = PBXFileReference; fileEncoding = 4; lastKnownFileType = sourcecode.c.objc; path = NewItemViewController.m; sourceTree = "<group>"; };
		C537AB6E11904507005EC707 /* NewItemViewController.xib */ = {isa = PBXFileReference; lastKnownFileType = file.xib; path = NewItemViewController.xib; sourceTree = "<group>"; };
		C5453C2E11A1D7FB00B117BE /* DBRequest.h */ = {isa = PBXFileReference; fileEncoding = 4; lastKnownFileType = sourcecode.c.h; path = DBRequest.h; sourceTree = "<group>"; };
		C5453C2F11A1D7FB00B117BE /* DBRequest.m */ = {isa = PBXFileReference; fileEncoding = 4; lastKnownFileType = sourcecode.c.objc; path = DBRequest.m; sourceTree = "<group>"; };
		C5453C3011A1D7FB00B117BE /* DBRestClient.h */ = {isa = PBXFileReference; fileEncoding = 4; lastKnownFileType = sourcecode.c.h; path = DBRestClient.h; sourceTree = "<group>"; };
		C5453C3111A1D7FB00B117BE /* DBRestClient.m */ = {isa = PBXFileReference; fileEncoding = 4; lastKnownFileType = sourcecode.c.objc; path = DBRestClient.m; sourceTree = "<group>"; };
		C5453C3211A1D7FB00B117BE /* DBSession.h */ = {isa = PBXFileReference; fileEncoding = 4; lastKnownFileType = sourcecode.c.h; path = DBSession.h; sourceTree = "<group>"; };
		C5453C3311A1D7FB00B117BE /* DBSession.m */ = {isa = PBXFileReference; fileEncoding = 4; lastKnownFileType = sourcecode.c.objc; path = DBSession.m; sourceTree = "<group>"; };
		C5453C4411A1D7FB00B117BE /* Base64Transcoder.c */ = {isa = PBXFileReference; fileEncoding = 4; lastKnownFileType = sourcecode.c.c; path = Base64Transcoder.c; sourceTree = "<group>"; };
		C5453C4511A1D7FB00B117BE /* Base64Transcoder.h */ = {isa = PBXFileReference; fileEncoding = 4; lastKnownFileType = sourcecode.c.h; path = Base64Transcoder.h; sourceTree = "<group>"; };
		C5453C4611A1D7FB00B117BE /* MPDebug.h */ = {isa = PBXFileReference; fileEncoding = 4; lastKnownFileType = sourcecode.c.h; path = MPDebug.h; sourceTree = "<group>"; };
		C5453C4711A1D7FB00B117BE /* MPOAuth.h */ = {isa = PBXFileReference; fileEncoding = 4; lastKnownFileType = sourcecode.c.h; path = MPOAuth.h; sourceTree = "<group>"; };
		C5453C4811A1D7FB00B117BE /* MPOAuthAPI.h */ = {isa = PBXFileReference; fileEncoding = 4; lastKnownFileType = sourcecode.c.h; path = MPOAuthAPI.h; sourceTree = "<group>"; };
		C5453C4911A1D7FB00B117BE /* MPOAuthAPI.m */ = {isa = PBXFileReference; fileEncoding = 4; lastKnownFileType = sourcecode.c.objc; path = MPOAuthAPI.m; sourceTree = "<group>"; };
		C5453C4A11A1D7FB00B117BE /* MPOAuthAPIRequestLoader.h */ = {isa = PBXFileReference; fileEncoding = 4; lastKnownFileType = sourcecode.c.h; path = MPOAuthAPIRequestLoader.h; sourceTree = "<group>"; };
		C5453C4B11A1D7FB00B117BE /* MPOAuthAPIRequestLoader.m */ = {isa = PBXFileReference; fileEncoding = 4; lastKnownFileType = sourcecode.c.objc; path = MPOAuthAPIRequestLoader.m; sourceTree = "<group>"; };
		C5453C4C11A1D7FB00B117BE /* MPOAuthAuthenticationMethod.h */ = {isa = PBXFileReference; fileEncoding = 4; lastKnownFileType = sourcecode.c.h; path = MPOAuthAuthenticationMethod.h; sourceTree = "<group>"; };
		C5453C4D11A1D7FB00B117BE /* MPOAuthAuthenticationMethod.m */ = {isa = PBXFileReference; fileEncoding = 4; lastKnownFileType = sourcecode.c.objc; path = MPOAuthAuthenticationMethod.m; sourceTree = "<group>"; };
		C5453C4E11A1D7FB00B117BE /* MPOAuthAuthenticationMethodOAuth.h */ = {isa = PBXFileReference; fileEncoding = 4; lastKnownFileType = sourcecode.c.h; path = MPOAuthAuthenticationMethodOAuth.h; sourceTree = "<group>"; };
		C5453C4F11A1D7FB00B117BE /* MPOAuthAuthenticationMethodOAuth.m */ = {isa = PBXFileReference; fileEncoding = 4; lastKnownFileType = sourcecode.c.objc; path = MPOAuthAuthenticationMethodOAuth.m; sourceTree = "<group>"; };
		C5453C5011A1D7FB00B117BE /* MPOAuthConnection.h */ = {isa = PBXFileReference; fileEncoding = 4; lastKnownFileType = sourcecode.c.h; path = MPOAuthConnection.h; sourceTree = "<group>"; };
		C5453C5111A1D7FB00B117BE /* MPOAuthConnection.m */ = {isa = PBXFileReference; fileEncoding = 4; lastKnownFileType = sourcecode.c.objc; path = MPOAuthConnection.m; sourceTree = "<group>"; };
		C5453C5211A1D7FB00B117BE /* MPOAuthCredentiaIConcreteStore+KeychainAdditionsMac.m */ = {isa = PBXFileReference; fileEncoding = 4; lastKnownFileType = sourcecode.c.objc; path = "MPOAuthCredentiaIConcreteStore+KeychainAdditionsMac.m"; sourceTree = "<group>"; };
		C5453C5311A1D7FB00B117BE /* MPOAuthCredentialConcreteStore+KeychainAdditions.h */ = {isa = PBXFileReference; fileEncoding = 4; lastKnownFileType = sourcecode.c.h; path = "MPOAuthCredentialConcreteStore+KeychainAdditions.h"; sourceTree = "<group>"; };
		C5453C5411A1D7FB00B117BE /* MPOAuthCredentialConcreteStore+KeychainAdditionsiPhone.m */ = {isa = PBXFileReference; fileEncoding = 4; lastKnownFileType = sourcecode.c.objc; path = "MPOAuthCredentialConcreteStore+KeychainAdditionsiPhone.m"; sourceTree = "<group>"; };
		C5453C5511A1D7FB00B117BE /* MPOAuthCredentialConcreteStore.h */ = {isa = PBXFileReference; fileEncoding = 4; lastKnownFileType = sourcecode.c.h; path = MPOAuthCredentialConcreteStore.h; sourceTree = "<group>"; };
		C5453C5611A1D7FB00B117BE /* MPOAuthCredentialConcreteStore.m */ = {isa = PBXFileReference; fileEncoding = 4; lastKnownFileType = sourcecode.c.objc; path = MPOAuthCredentialConcreteStore.m; sourceTree = "<group>"; };
		C5453C5711A1D7FB00B117BE /* MPOAuthCredentialStore.h */ = {isa = PBXFileReference; fileEncoding = 4; lastKnownFileType = sourcecode.c.h; path = MPOAuthCredentialStore.h; sourceTree = "<group>"; };
		C5453C5811A1D7FB00B117BE /* MPOAuthParameterFactory.h */ = {isa = PBXFileReference; fileEncoding = 4; lastKnownFileType = sourcecode.c.h; path = MPOAuthParameterFactory.h; sourceTree = "<group>"; };
		C5453C5911A1D7FB00B117BE /* MPOAuthSignatureParameter.h */ = {isa = PBXFileReference; fileEncoding = 4; lastKnownFileType = sourcecode.c.h; path = MPOAuthSignatureParameter.h; sourceTree = "<group>"; };
		C5453C5A11A1D7FB00B117BE /* MPOAuthSignatureParameter.m */ = {isa = PBXFileReference; fileEncoding = 4; lastKnownFileType = sourcecode.c.objc; path = MPOAuthSignatureParameter.m; sourceTree = "<group>"; };
		C5453C5B11A1D7FB00B117BE /* MPOAuthSignatureParameter.m.orig */ = {isa = PBXFileReference; fileEncoding = 4; lastKnownFileType = text; path = MPOAuthSignatureParameter.m.orig; sourceTree = "<group>"; };
		C5453C5C11A1D7FB00B117BE /* MPOAuthURLRequest.h */ = {isa = PBXFileReference; fileEncoding = 4; lastKnownFileType = sourcecode.c.h; path = MPOAuthURLRequest.h; sourceTree = "<group>"; };
		C5453C5D11A1D7FB00B117BE /* MPOAuthURLRequest.m */ = {isa = PBXFileReference; fileEncoding = 4; lastKnownFileType = sourcecode.c.objc; path = MPOAuthURLRequest.m; sourceTree = "<group>"; };
		C5453C5E11A1D7FB00B117BE /* MPOAuthURLResponse.h */ = {isa = PBXFileReference; fileEncoding = 4; lastKnownFileType = sourcecode.c.h; path = MPOAuthURLResponse.h; sourceTree = "<group>"; };
		C5453C5F11A1D7FB00B117BE /* MPOAuthURLResponse.m */ = {isa = PBXFileReference; fileEncoding = 4; lastKnownFileType = sourcecode.c.objc; path = MPOAuthURLResponse.m; sourceTree = "<group>"; };
		C5453C6011A1D7FB00B117BE /* MPURLRequestParameter.h */ = {isa = PBXFileReference; fileEncoding = 4; lastKnownFileType = sourcecode.c.h; path = MPURLRequestParameter.h; sourceTree = "<group>"; };
		C5453C6111A1D7FB00B117BE /* MPURLRequestParameter.m */ = {isa = PBXFileReference; fileEncoding = 4; lastKnownFileType = sourcecode.c.objc; path = MPURLRequestParameter.m; sourceTree = "<group>"; };
		C5453C6211A1D7FB00B117BE /* NSString+URLEscapingAdditions.h */ = {isa = PBXFileReference; fileEncoding = 4; lastKnownFileType = sourcecode.c.h; path = "NSString+URLEscapingAdditions.h"; sourceTree = "<group>"; };
		C5453C6311A1D7FB00B117BE /* NSString+URLEscapingAdditions.m */ = {isa = PBXFileReference; fileEncoding = 4; lastKnownFileType = sourcecode.c.objc; path = "NSString+URLEscapingAdditions.m"; sourceTree = "<group>"; };
		C5453C6411A1D7FB00B117BE /* NSURL+MPURLParameterAdditions.h */ = {isa = PBXFileReference; fileEncoding = 4; lastKnownFileType = sourcecode.c.h; path = "NSURL+MPURLParameterAdditions.h"; sourceTree = "<group>"; };
		C5453C6511A1D7FB00B117BE /* NSURL+MPURLParameterAdditions.m */ = {isa = PBXFileReference; fileEncoding = 4; lastKnownFileType = sourcecode.c.objc; path = "NSURL+MPURLParameterAdditions.m"; sourceTree = "<group>"; };
		C5453C6611A1D7FB00B117BE /* NSURLResponse+Encoding.h */ = {isa = PBXFileReference; fileEncoding = 4; lastKnownFileType = sourcecode.c.h; path = "NSURLResponse+Encoding.h"; sourceTree = "<group>"; };
		C5453C6711A1D7FB00B117BE /* NSURLResponse+Encoding.m */ = {isa = PBXFileReference; fileEncoding = 4; lastKnownFileType = sourcecode.c.objc; path = "NSURLResponse+Encoding.m"; sourceTree = "<group>"; };
		C5453C9711A1D87500B117BE /* Security.framework */ = {isa = PBXFileReference; lastKnownFileType = wrapper.framework; name = Security.framework; path = System/Library/Frameworks/Security.framework; sourceTree = SDKROOT; };
		C599DB4D118915DC006E9CB3 /* BPTextView.h */ = {isa = PBXFileReference; fileEncoding = 4; lastKnownFileType = sourcecode.c.h; path = BPTextView.h; sourceTree = "<group>"; };
		C599DB4E118915DC006E9CB3 /* BPTextView.m */ = {isa = PBXFileReference; fileEncoding = 4; lastKnownFileType = sourcecode.c.objc; path = BPTextView.m; sourceTree = "<group>"; };
		C599DB721189B5BC006E9CB3 /* MessageUI.framework */ = {isa = PBXFileReference; lastKnownFileType = wrapper.framework; name = MessageUI.framework; path = System/Library/Frameworks/MessageUI.framework; sourceTree = SDKROOT; };
		C599DC331189FB9F006E9CB3 /* Constants.h */ = {isa = PBXFileReference; fileEncoding = 4; lastKnownFileType = sourcecode.c.h; path = Constants.h; sourceTree = "<group>"; };
		C599DC361189FE14006E9CB3 /* BPItemManager.h */ = {isa = PBXFileReference; fileEncoding = 4; lastKnownFileType = sourcecode.c.h; path = BPItemManager.h; sourceTree = "<group>"; };
		C599DC371189FE14006E9CB3 /* BPItemManager.m */ = {isa = PBXFileReference; fileEncoding = 4; lastKnownFileType = sourcecode.c.objc; path = BPItemManager.m; sourceTree = "<group>"; };
		C599DC3F1189FEC4006E9CB3 /* BPItem.h */ = {isa = PBXFileReference; fileEncoding = 4; lastKnownFileType = sourcecode.c.h; path = BPItem.h; sourceTree = "<group>"; };
		C599DC401189FEC4006E9CB3 /* BPItem.m */ = {isa = PBXFileReference; fileEncoding = 4; lastKnownFileType = sourcecode.c.objc; path = BPItem.m; sourceTree = "<group>"; };
/* End PBXFileReference section */

/* Begin PBXFrameworksBuildPhase section */
		1D60588F0D05DD3D006BFB54 /* Frameworks */ = {
			isa = PBXFrameworksBuildPhase;
			buildActionMask = 2147483647;
			files = (
				1D60589F0D05DD5A006BFB54 /* Foundation.framework in Frameworks */,
				1DF5F4E00D08C38300B7A737 /* UIKit.framework in Frameworks */,
				2892E4100DC94CBA00A64D0F /* CoreGraphics.framework in Frameworks */,
				280420C1108EA07E000629CD /* CoreData.framework in Frameworks */,
				C599DB731189B5BC006E9CB3 /* MessageUI.framework in Frameworks */,
				C534D78A118B7B42001A4856 /* CFNetwork.framework in Frameworks */,
				C534D791118B7B68001A4856 /* SystemConfiguration.framework in Frameworks */,
				C534D797118B7B96001A4856 /* libz.1.2.3.dylib in Frameworks */,
				C5453C9811A1D87500B117BE /* Security.framework in Frameworks */,
			);
			runOnlyForDeploymentPostprocessing = 0;
		};
/* End PBXFrameworksBuildPhase section */

/* Begin PBXGroup section */
		080E96DDFE201D6D7F000001 /* Classes */ = {
			isa = PBXGroup;
			children = (
				C5453C2D11A1D7FB00B117BE /* DropboxSDK */,
				C534D7BD118B7C7A001A4856 /* cocoahttpserver */,
				C534D798118B7BBC001A4856 /* ZipArchive */,
				C534D773118B7AF4001A4856 /* Reachability */,
				C534D759118AEF0C001A4856 /* JSON */,
				1D3623240D0F684500981E51 /* TextAppDelegate.h */,
				1D3623250D0F684500981E51 /* TextAppDelegate.m */,
				28042007108E984D000629CD /* RootViewController.h */,
				28042008108E984D000629CD /* RootViewController.m */,
				28042009108E984D000629CD /* DetailViewController.h */,
				2804200A108E984D000629CD /* DetailViewController.m */,
				C599DB4D118915DC006E9CB3 /* BPTextView.h */,
				C599DB4E118915DC006E9CB3 /* BPTextView.m */,
				C599DC331189FB9F006E9CB3 /* Constants.h */,
				C599DC361189FE14006E9CB3 /* BPItemManager.h */,
				C599DC371189FE14006E9CB3 /* BPItemManager.m */,
				C599DC3F1189FEC4006E9CB3 /* BPItem.h */,
				C599DC401189FEC4006E9CB3 /* BPItem.m */,
				C534D80D118BA7F0001A4856 /* ItemTableViewController.h */,
				C534D80E118BA7F0001A4856 /* ItemTableViewController.m */,
				C534D80F118BA7F0001A4856 /* ItemTableViewController.xib */,
				C534D99A118E4EC8001A4856 /* SettingsTableViewController.h */,
				C534D99B118E4EC8001A4856 /* SettingsTableViewController.m */,
				C534D99C118E4EC8001A4856 /* SettingsTableViewController.xib */,
				C534D9CF118F006C001A4856 /* BPConfig.h */,
				C534D9D0118F006C001A4856 /* BPConfig.m */,
				C537AB6C11904507005EC707 /* NewItemViewController.h */,
				C537AB6D11904507005EC707 /* NewItemViewController.m */,
				C537AB6E11904507005EC707 /* NewItemViewController.xib */,
			);
			path = Classes;
			sourceTree = "<group>";
		};
		19C28FACFE9D520D11CA2CBB /* Products */ = {
			isa = PBXGroup;
			children = (
				1D6058910D05DD3D006BFB54 /* text.app */,
			);
			name = Products;
			sourceTree = "<group>";
		};
		29B97314FDCFA39411CA2CEA /* CustomTemplate */ = {
			isa = PBXGroup;
			children = (
				C534DA14118F03E9001A4856 /* config */,
				C534DA00118F02E3001A4856 /* www */,
				080E96DDFE201D6D7F000001 /* Classes */,
				29B97315FDCFA39411CA2CEA /* Other Sources */,
				29B97317FDCFA39411CA2CEA /* Resources */,
				29B97323FDCFA39411CA2CEA /* Frameworks */,
				19C28FACFE9D520D11CA2CBB /* Products */,
				C51B768C11923C7A00BB1830 /* notes.textile */,
			);
			name = CustomTemplate;
			sourceTree = "<group>";
		};
		29B97315FDCFA39411CA2CEA /* Other Sources */ = {
			isa = PBXGroup;
			children = (
				28A0AAE50D9B0CCF005BE974 /* text_Prefix.pch */,
				29B97316FDCFA39411CA2CEA /* main.m */,
			);
			name = "Other Sources";
			sourceTree = "<group>";
		};
		29B97317FDCFA39411CA2CEA /* Resources */ = {
			isa = PBXGroup;
			children = (
				C51B78261193131000BB1830 /* app-icon.png */,
				C51B781A1193064200BB1830 /* iPad-Launch-Image-Portrait.png */,
				C51B781B1193064200BB1830 /* iPad-Launch-Image-Landscape.png */,
				C51B76EE1192FC3A00BB1830 /* options.png */,
				2819300D112F7FA900ECF9B4 /* text.xcdatamodeld */,
				28AD735F0D9D9599002E5188 /* MainWindow.xib */,
				2804203B108E9BAB000629CD /* DetailView.xib */,
				8D1107310486CEB800E47090 /* text-Info.plist */,
			);
			name = Resources;
			sourceTree = "<group>";
		};
		29B97323FDCFA39411CA2CEA /* Frameworks */ = {
			isa = PBXGroup;
			children = (
				1DF5F4DF0D08C38300B7A737 /* UIKit.framework */,
				1D30AB110D05D00D00671497 /* Foundation.framework */,
				2892E40F0DC94CBA00A64D0F /* CoreGraphics.framework */,
				280420C0108EA07E000629CD /* CoreData.framework */,
				C599DB721189B5BC006E9CB3 /* MessageUI.framework */,
				C534D789118B7B42001A4856 /* CFNetwork.framework */,
				C534D790118B7B68001A4856 /* SystemConfiguration.framework */,
				C534D796118B7B96001A4856 /* libz.1.2.3.dylib */,
				C5453C9711A1D87500B117BE /* Security.framework */,
			);
			name = Frameworks;
			sourceTree = "<group>";
		};
		C534D759118AEF0C001A4856 /* JSON */ = {
			isa = PBXGroup;
			children = (
				C534D75A118AEF0C001A4856 /* JSON.h */,
				C534D75B118AEF0C001A4856 /* NSObject+SBJSON.h */,
				C534D75C118AEF0C001A4856 /* NSObject+SBJSON.m */,
				C534D75D118AEF0C001A4856 /* NSString+SBJSON.h */,
				C534D75E118AEF0C001A4856 /* NSString+SBJSON.m */,
				C534D75F118AEF0C001A4856 /* SBJSON.h */,
				C534D760118AEF0C001A4856 /* SBJSON.m */,
				C534D761118AEF0C001A4856 /* SBJsonBase.h */,
				C534D762118AEF0C001A4856 /* SBJsonBase.m */,
				C534D763118AEF0C001A4856 /* SBJsonParser.h */,
				C534D764118AEF0C001A4856 /* SBJsonParser.m */,
				C534D765118AEF0C001A4856 /* SBJsonWriter.h */,
				C534D766118AEF0C001A4856 /* SBJsonWriter.m */,
			);
			path = JSON;
			sourceTree = "<group>";
		};
		C534D773118B7AF4001A4856 /* Reachability */ = {
			isa = PBXGroup;
			children = (
				C534D77C118B7B15001A4856 /* Reachability.h */,
				C534D77D118B7B15001A4856 /* Reachability.m */,
			);
			name = Reachability;
			sourceTree = "<group>";
		};
		C534D798118B7BBC001A4856 /* ZipArchive */ = {
			isa = PBXGroup;
			children = (
				C534D799118B7BBC001A4856 /* minizip */,
				C534D7A3118B7BBC001A4856 /* ZipArchive.mm */,
				C534D7A4118B7BBC001A4856 /* ZipArchive.h */,
			);
			name = ZipArchive;
			sourceTree = "<group>";
		};
		C534D799118B7BBC001A4856 /* minizip */ = {
			isa = PBXGroup;
			children = (
				C534D79A118B7BBC001A4856 /* crypt.h */,
				C534D79B118B7BBC001A4856 /* ioapi.c */,
				C534D79C118B7BBC001A4856 /* ioapi.h */,
				C534D79D118B7BBC001A4856 /* mztools.c */,
				C534D79E118B7BBC001A4856 /* mztools.h */,
				C534D79F118B7BBC001A4856 /* unzip.c */,
				C534D7A0118B7BBC001A4856 /* unzip.h */,
				C534D7A1118B7BBC001A4856 /* zip.c */,
				C534D7A2118B7BBC001A4856 /* zip.h */,
			);
			path = minizip;
			sourceTree = "<group>";
		};
		C534D7BD118B7C7A001A4856 /* cocoahttpserver */ = {
			isa = PBXGroup;
			children = (
				C534D7BE118B7C7A001A4856 /* localhostAddresses.h */,
				C534D7BF118B7C7A001A4856 /* localhostAddresses.m */,
				C534D7C0118B7C7A001A4856 /* MyHTTPConnection.h */,
				C534D7C1118B7C7A001A4856 /* MyHTTPConnection.m */,
				C534D7C2118B7C7A001A4856 /* AsyncSocket.h */,
				C534D7C3118B7C7A001A4856 /* AsyncSocket.m */,
				C534D7C4118B7C7A001A4856 /* DDData.h */,
				C534D7C5118B7C7A001A4856 /* DDData.m */,
				C534D7C6118B7C7A001A4856 /* DDNumber.h */,
				C534D7C7118B7C7A001A4856 /* DDNumber.m */,
				C534D7C8118B7C7A001A4856 /* DDRange.h */,
				C534D7C9118B7C7A001A4856 /* DDRange.m */,
				C534D7CA118B7C7A001A4856 /* HTTPAsyncFileResponse.h */,
				C534D7CB118B7C7A001A4856 /* HTTPAsyncFileResponse.m */,
				C534D7CC118B7C7A001A4856 /* HTTPAuthenticationRequest.h */,
				C534D7CD118B7C7A001A4856 /* HTTPAuthenticationRequest.m */,
				C534D7CE118B7C7A001A4856 /* HTTPConnection.h */,
				C534D7CF118B7C7A001A4856 /* HTTPConnection.m */,
				C534D7D0118B7C7A001A4856 /* HTTPResponse.h */,
				C534D7D1118B7C7A001A4856 /* HTTPResponse.m */,
				C534D7D2118B7C7A001A4856 /* HTTPServer.h */,
				C534D7D3118B7C7A001A4856 /* HTTPServer.m */,
				C534D7D4118B7C7A001A4856 /* ReadMe.txt */,
			);
			name = cocoahttpserver;
			sourceTree = "<group>";
		};
		C5453C2D11A1D7FB00B117BE /* DropboxSDK */ = {
			isa = PBXGroup;
			children = (
				C5453C2E11A1D7FB00B117BE /* DBRequest.h */,
				C5453C2F11A1D7FB00B117BE /* DBRequest.m */,
				C5453C3011A1D7FB00B117BE /* DBRestClient.h */,
				C5453C3111A1D7FB00B117BE /* DBRestClient.m */,
				C5453C3211A1D7FB00B117BE /* DBSession.h */,
				C5453C3311A1D7FB00B117BE /* DBSession.m */,
				C5453C4211A1D7FB00B117BE /* MPOAuth */,
			);
			path = DropboxSDK;
			sourceTree = "<group>";
		};
		C5453C4211A1D7FB00B117BE /* MPOAuth */ = {
			isa = PBXGroup;
			children = (
				C5453C4311A1D7FB00B117BE /* Crypto */,
				C5453C4611A1D7FB00B117BE /* MPDebug.h */,
				C5453C4711A1D7FB00B117BE /* MPOAuth.h */,
				C5453C4811A1D7FB00B117BE /* MPOAuthAPI.h */,
				C5453C4911A1D7FB00B117BE /* MPOAuthAPI.m */,
				C5453C4A11A1D7FB00B117BE /* MPOAuthAPIRequestLoader.h */,
				C5453C4B11A1D7FB00B117BE /* MPOAuthAPIRequestLoader.m */,
				C5453C4C11A1D7FB00B117BE /* MPOAuthAuthenticationMethod.h */,
				C5453C4D11A1D7FB00B117BE /* MPOAuthAuthenticationMethod.m */,
				C5453C4E11A1D7FB00B117BE /* MPOAuthAuthenticationMethodOAuth.h */,
				C5453C4F11A1D7FB00B117BE /* MPOAuthAuthenticationMethodOAuth.m */,
				C5453C5011A1D7FB00B117BE /* MPOAuthConnection.h */,
				C5453C5111A1D7FB00B117BE /* MPOAuthConnection.m */,
				C5453C5211A1D7FB00B117BE /* MPOAuthCredentiaIConcreteStore+KeychainAdditionsMac.m */,
				C5453C5311A1D7FB00B117BE /* MPOAuthCredentialConcreteStore+KeychainAdditions.h */,
				C5453C5411A1D7FB00B117BE /* MPOAuthCredentialConcreteStore+KeychainAdditionsiPhone.m */,
				C5453C5511A1D7FB00B117BE /* MPOAuthCredentialConcreteStore.h */,
				C5453C5611A1D7FB00B117BE /* MPOAuthCredentialConcreteStore.m */,
				C5453C5711A1D7FB00B117BE /* MPOAuthCredentialStore.h */,
				C5453C5811A1D7FB00B117BE /* MPOAuthParameterFactory.h */,
				C5453C5911A1D7FB00B117BE /* MPOAuthSignatureParameter.h */,
				C5453C5A11A1D7FB00B117BE /* MPOAuthSignatureParameter.m */,
				C5453C5B11A1D7FB00B117BE /* MPOAuthSignatureParameter.m.orig */,
				C5453C5C11A1D7FB00B117BE /* MPOAuthURLRequest.h */,
				C5453C5D11A1D7FB00B117BE /* MPOAuthURLRequest.m */,
				C5453C5E11A1D7FB00B117BE /* MPOAuthURLResponse.h */,
				C5453C5F11A1D7FB00B117BE /* MPOAuthURLResponse.m */,
				C5453C6011A1D7FB00B117BE /* MPURLRequestParameter.h */,
				C5453C6111A1D7FB00B117BE /* MPURLRequestParameter.m */,
				C5453C6211A1D7FB00B117BE /* NSString+URLEscapingAdditions.h */,
				C5453C6311A1D7FB00B117BE /* NSString+URLEscapingAdditions.m */,
				C5453C6411A1D7FB00B117BE /* NSURL+MPURLParameterAdditions.h */,
				C5453C6511A1D7FB00B117BE /* NSURL+MPURLParameterAdditions.m */,
				C5453C6611A1D7FB00B117BE /* NSURLResponse+Encoding.h */,
				C5453C6711A1D7FB00B117BE /* NSURLResponse+Encoding.m */,
			);
			path = MPOAuth;
			sourceTree = "<group>";
		};
		C5453C4311A1D7FB00B117BE /* Crypto */ = {
			isa = PBXGroup;
			children = (
				C5453C4411A1D7FB00B117BE /* Base64Transcoder.c */,
				C5453C4511A1D7FB00B117BE /* Base64Transcoder.h */,
			);
			path = Crypto;
			sourceTree = "<group>";
		};
/* End PBXGroup section */

/* Begin PBXNativeTarget section */
		1D6058900D05DD3D006BFB54 /* text */ = {
			isa = PBXNativeTarget;
			buildConfigurationList = 1D6058960D05DD3E006BFB54 /* Build configuration list for PBXNativeTarget "text" */;
			buildPhases = (
				1D60588D0D05DD3D006BFB54 /* Resources */,
				1D60588E0D05DD3D006BFB54 /* Sources */,
				1D60588F0D05DD3D006BFB54 /* Frameworks */,
			);
			buildRules = (
			);
			dependencies = (
			);
			name = text;
			productName = text;
			productReference = 1D6058910D05DD3D006BFB54 /* text.app */;
			productType = "com.apple.product-type.application";
		};
/* End PBXNativeTarget section */

/* Begin PBXProject section */
		29B97313FDCFA39411CA2CEA /* Project object */ = {
			isa = PBXProject;
			buildConfigurationList = C01FCF4E08A954540054247B /* Build configuration list for PBXProject "text" */;
			compatibilityVersion = "Xcode 3.2";
			hasScannedForEncodings = 1;
			knownRegions = (
				English,
				Japanese,
				French,
				German,
				en,
			);
			mainGroup = 29B97314FDCFA39411CA2CEA /* CustomTemplate */;
			projectDirPath = "";
			projectRoot = "";
			targets = (
				1D6058900D05DD3D006BFB54 /* text */,
			);
		};
/* End PBXProject section */

/* Begin PBXResourcesBuildPhase section */
		1D60588D0D05DD3D006BFB54 /* Resources */ = {
			isa = PBXResourcesBuildPhase;
			buildActionMask = 2147483647;
			files = (
				28AD73600D9D9599002E5188 /* MainWindow.xib in Resources */,
				2804203C108E9BAB000629CD /* DetailView.xib in Resources */,
				C534D7E0118B7C7A001A4856 /* ReadMe.txt in Resources */,
				C534D811118BA7F0001A4856 /* ItemTableViewController.xib in Resources */,
				C534D99E118E4EC8001A4856 /* SettingsTableViewController.xib in Resources */,
				C534DA0F118F02E3001A4856 /* www in Resources */,
				C534DA1B118F03E9001A4856 /* config in Resources */,
				C537AB7011904507005EC707 /* NewItemViewController.xib in Resources */,
				C51B76EF1192FC3A00BB1830 /* options.png in Resources */,
				C51B781C1193064200BB1830 /* iPad-Launch-Image-Portrait.png in Resources */,
				C51B781D1193064200BB1830 /* iPad-Launch-Image-Landscape.png in Resources */,
				C51B78271193131000BB1830 /* app-icon.png in Resources */,
				C5453C7B11A1D7FB00B117BE /* MPOAuthSignatureParameter.m.orig in Resources */,
			);
			runOnlyForDeploymentPostprocessing = 0;
		};
/* End PBXResourcesBuildPhase section */

/* Begin PBXSourcesBuildPhase section */
		1D60588E0D05DD3D006BFB54 /* Sources */ = {
			isa = PBXSourcesBuildPhase;
			buildActionMask = 2147483647;
			files = (
				1D60589B0D05DD56006BFB54 /* main.m in Sources */,
				1D3623260D0F684500981E51 /* TextAppDelegate.m in Sources */,
				2804200B108E984D000629CD /* RootViewController.m in Sources */,
				2804200C108E984D000629CD /* DetailViewController.m in Sources */,
				2819300E112F7FA900ECF9B4 /* text.xcdatamodeld in Sources */,
				C599DB4F118915DC006E9CB3 /* BPTextView.m in Sources */,
				C599DC381189FE14006E9CB3 /* BPItemManager.m in Sources */,
				C599DC411189FEC4006E9CB3 /* BPItem.m in Sources */,
				C534D767118AEF0C001A4856 /* NSObject+SBJSON.m in Sources */,
				C534D768118AEF0C001A4856 /* NSString+SBJSON.m in Sources */,
				C534D769118AEF0C001A4856 /* SBJSON.m in Sources */,
				C534D76A118AEF0C001A4856 /* SBJsonBase.m in Sources */,
				C534D76B118AEF0C001A4856 /* SBJsonParser.m in Sources */,
				C534D76C118AEF0C001A4856 /* SBJsonWriter.m in Sources */,
				C534D77E118B7B15001A4856 /* Reachability.m in Sources */,
				C534D7A5118B7BBC001A4856 /* ioapi.c in Sources */,
				C534D7A6118B7BBC001A4856 /* mztools.c in Sources */,
				C534D7A7118B7BBC001A4856 /* unzip.c in Sources */,
				C534D7A8118B7BBC001A4856 /* zip.c in Sources */,
				C534D7A9118B7BBC001A4856 /* ZipArchive.mm in Sources */,
				C534D7D5118B7C7A001A4856 /* localhostAddresses.m in Sources */,
				C534D7D6118B7C7A001A4856 /* MyHTTPConnection.m in Sources */,
				C534D7D7118B7C7A001A4856 /* AsyncSocket.m in Sources */,
				C534D7D8118B7C7A001A4856 /* DDData.m in Sources */,
				C534D7D9118B7C7A001A4856 /* DDNumber.m in Sources */,
				C534D7DA118B7C7A001A4856 /* DDRange.m in Sources */,
				C534D7DB118B7C7A001A4856 /* HTTPAsyncFileResponse.m in Sources */,
				C534D7DC118B7C7A001A4856 /* HTTPAuthenticationRequest.m in Sources */,
				C534D7DD118B7C7A001A4856 /* HTTPConnection.m in Sources */,
				C534D7DE118B7C7A001A4856 /* HTTPResponse.m in Sources */,
				C534D7DF118B7C7A001A4856 /* HTTPServer.m in Sources */,
				C534D810118BA7F0001A4856 /* ItemTableViewController.m in Sources */,
				C534D99D118E4EC8001A4856 /* SettingsTableViewController.m in Sources */,
				C534D9D1118F006C001A4856 /* BPConfig.m in Sources */,
				C537AB6F11904507005EC707 /* NewItemViewController.m in Sources */,
				C5453C6811A1D7FB00B117BE /* DBRequest.m in Sources */,
				C5453C6911A1D7FB00B117BE /* DBRestClient.m in Sources */,
				C5453C6A11A1D7FB00B117BE /* DBSession.m in Sources */,
				C5453C7111A1D7FB00B117BE /* Base64Transcoder.c in Sources */,
				C5453C7211A1D7FB00B117BE /* MPOAuthAPI.m in Sources */,
				C5453C7311A1D7FB00B117BE /* MPOAuthAPIRequestLoader.m in Sources */,
				C5453C7411A1D7FB00B117BE /* MPOAuthAuthenticationMethod.m in Sources */,
				C5453C7511A1D7FB00B117BE /* MPOAuthAuthenticationMethodOAuth.m in Sources */,
				C5453C7611A1D7FB00B117BE /* MPOAuthConnection.m in Sources */,
				C5453C7711A1D7FB00B117BE /* MPOAuthCredentiaIConcreteStore+KeychainAdditionsMac.m in Sources */,
				C5453C7811A1D7FB00B117BE /* MPOAuthCredentialConcreteStore+KeychainAdditionsiPhone.m in Sources */,
				C5453C7911A1D7FB00B117BE /* MPOAuthCredentialConcreteStore.m in Sources */,
				C5453C7A11A1D7FB00B117BE /* MPOAuthSignatureParameter.m in Sources */,
				C5453C7C11A1D7FB00B117BE /* MPOAuthURLRequest.m in Sources */,
				C5453C7D11A1D7FB00B117BE /* MPOAuthURLResponse.m in Sources */,
				C5453C7E11A1D7FB00B117BE /* MPURLRequestParameter.m in Sources */,
				C5453C7F11A1D7FB00B117BE /* NSString+URLEscapingAdditions.m in Sources */,
				C5453C8011A1D7FB00B117BE /* NSURL+MPURLParameterAdditions.m in Sources */,
				C5453C8111A1D7FB00B117BE /* NSURLResponse+Encoding.m in Sources */,
			);
			runOnlyForDeploymentPostprocessing = 0;
		};
/* End PBXSourcesBuildPhase section */

/* Begin XCBuildConfiguration section */
		1D6058940D05DD3E006BFB54 /* Debug */ = {
			isa = XCBuildConfiguration;
			buildSettings = {
				ALWAYS_SEARCH_USER_PATHS = NO;
				COPY_PHASE_STRIP = NO;
				GCC_DYNAMIC_NO_PIC = NO;
				GCC_OPTIMIZATION_LEVEL = 0;
				GCC_PRECOMPILE_PREFIX_HEADER = YES;
				GCC_PREFIX_HEADER = text_Prefix.pch;
				INFOPLIST_FILE = "text-Info.plist";
				PRODUCT_NAME = text;
			};
			name = Debug;
		};
		1D6058950D05DD3E006BFB54 /* Release */ = {
			isa = XCBuildConfiguration;
			buildSettings = {
				ALWAYS_SEARCH_USER_PATHS = NO;
				COPY_PHASE_STRIP = YES;
				GCC_PRECOMPILE_PREFIX_HEADER = YES;
				GCC_PREFIX_HEADER = text_Prefix.pch;
				INFOPLIST_FILE = "text-Info.plist";
				PRODUCT_NAME = text;
				VALIDATE_PRODUCT = YES;
			};
			name = Release;
		};
		C01FCF4F08A954540054247B /* Debug */ = {
			isa = XCBuildConfiguration;
			buildSettings = {
				ARCHS = "$(ARCHS_UNIVERSAL_IPHONE_OS)";
				"CODE_SIGN_IDENTITY[sdk=iphoneos*]" = "iPhone Developer";
				GCC_C_LANGUAGE_STANDARD = c99;
				GCC_WARN_ABOUT_RETURN_TYPE = YES;
				GCC_WARN_UNUSED_VARIABLE = YES;
				PREBINDING = NO;
				SDKROOT = iphoneos3.2;
				TARGETED_DEVICE_FAMILY = 2;
			};
			name = Debug;
		};
		C01FCF5008A954540054247B /* Release */ = {
			isa = XCBuildConfiguration;
			buildSettings = {
				ARCHS = "$(ARCHS_UNIVERSAL_IPHONE_OS)";
				"CODE_SIGN_IDENTITY[sdk=iphoneos*]" = "iPhone Developer";
				GCC_C_LANGUAGE_STANDARD = c99;
				GCC_WARN_ABOUT_RETURN_TYPE = YES;
				GCC_WARN_UNUSED_VARIABLE = YES;
				OTHER_CFLAGS = "-DNS_BLOCK_ASSERTIONS=1";
				PREBINDING = NO;
				SDKROOT = iphoneos3.2;
				TARGETED_DEVICE_FAMILY = 2;
			};
			name = Release;
		};
/* End XCBuildConfiguration section */

/* Begin XCConfigurationList section */
		1D6058960D05DD3E006BFB54 /* Build configuration list for PBXNativeTarget "text" */ = {
			isa = XCConfigurationList;
			buildConfigurations = (
				1D6058940D05DD3E006BFB54 /* Debug */,
				1D6058950D05DD3E006BFB54 /* Release */,
			);
			defaultConfigurationIsVisible = 0;
			defaultConfigurationName = Release;
		};
		C01FCF4E08A954540054247B /* Build configuration list for PBXProject "text" */ = {
			isa = XCConfigurationList;
			buildConfigurations = (
				C01FCF4F08A954540054247B /* Debug */,
				C01FCF5008A954540054247B /* Release */,
			);
			defaultConfigurationIsVisible = 0;
			defaultConfigurationName = Release;
		};
/* End XCConfigurationList section */

/* Begin XCVersionGroup section */
		2819300D112F7FA900ECF9B4 /* text.xcdatamodeld */ = {
			isa = XCVersionGroup;
			children = (
				280420B3108E9F58000629CD /* text.xcdatamodel */,
			);
			currentVersion = 280420B3108E9F58000629CD /* text.xcdatamodel */;
			path = text.xcdatamodeld;
			sourceTree = "<group>";
			versionGroupType = wrapper.xcdatamodel;
		};
/* End XCVersionGroup section */
	};
	rootObject = 29B97313FDCFA39411CA2CEA /* Project object */;
}
