// !$*UTF8*$!
{
	archiveVersion = 1;
	classes = {
	};
	objectVersion = 46;
	objects = {

/* Begin PBXBuildFile section */
		1D3623260D0F684500981E51 /* TextAppDelegate.m in Sources */ = {isa = PBXBuildFile; fileRef = 1D3623250D0F684500981E51 /* TextAppDelegate.m */; };
		1D60589B0D05DD56006BFB54 /* main.m in Sources */ = {isa = PBXBuildFile; fileRef = 29B97316FDCFA39411CA2CEA /* main.m */; };
		1D60589F0D05DD5A006BFB54 /* Foundation.framework in Frameworks */ = {isa = PBXBuildFile; fileRef = 1D30AB110D05D00D00671497 /* Foundation.framework */; };
		1DF5F4E00D08C38300B7A737 /* UIKit.framework in Frameworks */ = {isa = PBXBuildFile; fileRef = 1DF5F4DF0D08C38300B7A737 /* UIKit.framework */; };
		2804200B108E984D000629CD /* RootViewController.m in Sources */ = {isa = PBXBuildFile; fileRef = 28042008108E984D000629CD /* RootViewController.m */; };
		2804200C108E984D000629CD /* DetailViewController.m in Sources */ = {isa = PBXBuildFile; fileRef = 2804200A108E984D000629CD /* DetailViewController.m */; };
		2804203C108E9BAB000629CD /* DetailView.xib in Resources */ = {isa = PBXBuildFile; fileRef = 2804203B108E9BAB000629CD /* DetailView.xib */; };
		280420C1108EA07E000629CD /* CoreData.framework in Frameworks */ = {isa = PBXBuildFile; fileRef = 280420C0108EA07E000629CD /* CoreData.framework */; };
		2819300E112F7FA900ECF9B4 /* text.xcdatamodeld in Sources */ = {isa = PBXBuildFile; fileRef = 2819300D112F7FA900ECF9B4 /* text.xcdatamodeld */; };
		2892E4100DC94CBA00A64D0F /* CoreGraphics.framework in Frameworks */ = {isa = PBXBuildFile; fileRef = 2892E40F0DC94CBA00A64D0F /* CoreGraphics.framework */; };
		28AD73600D9D9599002E5188 /* MainWindow.xib in Resources */ = {isa = PBXBuildFile; fileRef = 28AD735F0D9D9599002E5188 /* MainWindow.xib */; };
		C501396512A2E50F002C635A /* ItemLoadingView.xib in Resources */ = {isa = PBXBuildFile; fileRef = C501396412A2E50F002C635A /* ItemLoadingView.xib */; };
		C501396912A2E571002C635A /* ItemLoadingView.m in Sources */ = {isa = PBXBuildFile; fileRef = C501396812A2E571002C635A /* ItemLoadingView.m */; };
		C5013ACC12A3FE08002C635A /* dropbox-api-icons in Resources */ = {isa = PBXBuildFile; fileRef = C5013A8512A3FE08002C635A /* dropbox-api-icons */; };
		C51B76EF1192FC3A00BB1830 /* options.png in Resources */ = {isa = PBXBuildFile; fileRef = C51B76EE1192FC3A00BB1830 /* options.png */; };
		C51B781C1193064200BB1830 /* iPad-Launch-Image-Portrait.png in Resources */ = {isa = PBXBuildFile; fileRef = C51B781A1193064200BB1830 /* iPad-Launch-Image-Portrait.png */; };
		C51B781D1193064200BB1830 /* iPad-Launch-Image-Landscape.png in Resources */ = {isa = PBXBuildFile; fileRef = C51B781B1193064200BB1830 /* iPad-Launch-Image-Landscape.png */; };
		C51B78271193131000BB1830 /* app-icon.png in Resources */ = {isa = PBXBuildFile; fileRef = C51B78261193131000BB1830 /* app-icon.png */; };
		C534D77E118B7B15001A4856 /* Reachability.m in Sources */ = {isa = PBXBuildFile; fileRef = C534D77D118B7B15001A4856 /* Reachability.m */; };
		C534D78A118B7B42001A4856 /* CFNetwork.framework in Frameworks */ = {isa = PBXBuildFile; fileRef = C534D789118B7B42001A4856 /* CFNetwork.framework */; };
		C534D791118B7B68001A4856 /* SystemConfiguration.framework in Frameworks */ = {isa = PBXBuildFile; fileRef = C534D790118B7B68001A4856 /* SystemConfiguration.framework */; };
		C534D797118B7B96001A4856 /* libz.1.2.3.dylib in Frameworks */ = {isa = PBXBuildFile; fileRef = C534D796118B7B96001A4856 /* libz.1.2.3.dylib */; };
		C534D7A5118B7BBC001A4856 /* ioapi.c in Sources */ = {isa = PBXBuildFile; fileRef = C534D79B118B7BBC001A4856 /* ioapi.c */; };
		C534D7A6118B7BBC001A4856 /* mztools.c in Sources */ = {isa = PBXBuildFile; fileRef = C534D79D118B7BBC001A4856 /* mztools.c */; };
		C534D7A7118B7BBC001A4856 /* unzip.c in Sources */ = {isa = PBXBuildFile; fileRef = C534D79F118B7BBC001A4856 /* unzip.c */; };
		C534D7A8118B7BBC001A4856 /* zip.c in Sources */ = {isa = PBXBuildFile; fileRef = C534D7A1118B7BBC001A4856 /* zip.c */; };
		C534D7A9118B7BBC001A4856 /* ZipArchive.mm in Sources */ = {isa = PBXBuildFile; fileRef = C534D7A3118B7BBC001A4856 /* ZipArchive.mm */; };
		C534D7D5118B7C7A001A4856 /* localhostAddresses.m in Sources */ = {isa = PBXBuildFile; fileRef = C534D7BF118B7C7A001A4856 /* localhostAddresses.m */; };
		C534D7D6118B7C7A001A4856 /* MyHTTPConnection.m in Sources */ = {isa = PBXBuildFile; fileRef = C534D7C1118B7C7A001A4856 /* MyHTTPConnection.m */; };
		C534D7D7118B7C7A001A4856 /* AsyncSocket.m in Sources */ = {isa = PBXBuildFile; fileRef = C534D7C3118B7C7A001A4856 /* AsyncSocket.m */; };
		C534D7D8118B7C7A001A4856 /* DDData.m in Sources */ = {isa = PBXBuildFile; fileRef = C534D7C5118B7C7A001A4856 /* DDData.m */; };
		C534D7D9118B7C7A001A4856 /* DDNumber.m in Sources */ = {isa = PBXBuildFile; fileRef = C534D7C7118B7C7A001A4856 /* DDNumber.m */; };
		C534D7DA118B7C7A001A4856 /* DDRange.m in Sources */ = {isa = PBXBuildFile; fileRef = C534D7C9118B7C7A001A4856 /* DDRange.m */; };
		C534D7DB118B7C7A001A4856 /* HTTPAsyncFileResponse.m in Sources */ = {isa = PBXBuildFile; fileRef = C534D7CB118B7C7A001A4856 /* HTTPAsyncFileResponse.m */; };
		C534D7DC118B7C7A001A4856 /* HTTPAuthenticationRequest.m in Sources */ = {isa = PBXBuildFile; fileRef = C534D7CD118B7C7A001A4856 /* HTTPAuthenticationRequest.m */; };
		C534D7DD118B7C7A001A4856 /* HTTPConnection.m in Sources */ = {isa = PBXBuildFile; fileRef = C534D7CF118B7C7A001A4856 /* HTTPConnection.m */; };
		C534D7DE118B7C7A001A4856 /* HTTPResponse.m in Sources */ = {isa = PBXBuildFile; fileRef = C534D7D1118B7C7A001A4856 /* HTTPResponse.m */; };
		C534D7DF118B7C7A001A4856 /* HTTPServer.m in Sources */ = {isa = PBXBuildFile; fileRef = C534D7D3118B7C7A001A4856 /* HTTPServer.m */; };
		C534D7E0118B7C7A001A4856 /* ReadMe.txt in Resources */ = {isa = PBXBuildFile; fileRef = C534D7D4118B7C7A001A4856 /* ReadMe.txt */; };
		C534D810118BA7F0001A4856 /* ItemTableViewController.m in Sources */ = {isa = PBXBuildFile; fileRef = C534D80E118BA7F0001A4856 /* ItemTableViewController.m */; };
		C534D811118BA7F0001A4856 /* ItemTableViewController.xib in Resources */ = {isa = PBXBuildFile; fileRef = C534D80F118BA7F0001A4856 /* ItemTableViewController.xib */; };
		C534D99D118E4EC8001A4856 /* SettingsTableViewController.m in Sources */ = {isa = PBXBuildFile; fileRef = C534D99B118E4EC8001A4856 /* SettingsTableViewController.m */; };
		C534D99E118E4EC8001A4856 /* SettingsTableViewController.xib in Resources */ = {isa = PBXBuildFile; fileRef = C534D99C118E4EC8001A4856 /* SettingsTableViewController.xib */; };
		C534D9D1118F006C001A4856 /* BPConfig.m in Sources */ = {isa = PBXBuildFile; fileRef = C534D9D0118F006C001A4856 /* BPConfig.m */; };
		C534DA0F118F02E3001A4856 /* www in Resources */ = {isa = PBXBuildFile; fileRef = C534DA00118F02E3001A4856 /* www */; };
		C534DA1B118F03E9001A4856 /* config in Resources */ = {isa = PBXBuildFile; fileRef = C534DA14118F03E9001A4856 /* config */; };
		C535BFFA11B483D700B4C6E7 /* BPDropboxItemStore.m in Sources */ = {isa = PBXBuildFile; fileRef = C535BFF811B483D700B4C6E7 /* BPDropboxItemStore.m */; };
		C535C22711B72BF000B4C6E7 /* BPBaseStorageClient.m in Sources */ = {isa = PBXBuildFile; fileRef = C535C22611B72BF000B4C6E7 /* BPBaseStorageClient.m */; };
		C535C23211B72C9200B4C6E7 /* BPFileSystemStorageClient.m in Sources */ = {isa = PBXBuildFile; fileRef = C535C23111B72C9200B4C6E7 /* BPFileSystemStorageClient.m */; };
		C535C23711B72D1200B4C6E7 /* BPDropboxStorageClient.m in Sources */ = {isa = PBXBuildFile; fileRef = C535C23611B72D1200B4C6E7 /* BPDropboxStorageClient.m */; };
		C537AB6F11904507005EC707 /* NewItemViewController.m in Sources */ = {isa = PBXBuildFile; fileRef = C537AB6D11904507005EC707 /* NewItemViewController.m */; };
		C537AB7011904507005EC707 /* NewItemViewController.xib in Resources */ = {isa = PBXBuildFile; fileRef = C537AB6E11904507005EC707 /* NewItemViewController.xib */; };
		C5453C9811A1D87500B117BE /* Security.framework in Frameworks */ = {isa = PBXBuildFile; fileRef = C5453C9711A1D87500B117BE /* Security.framework */; };
		C5453CF711A212D800B117BE /* MobileCoreServices.framework in Frameworks */ = {isa = PBXBuildFile; fileRef = C5453CF611A212D800B117BE /* MobileCoreServices.framework */; };
		C549B61211FBCDA9005FBAD8 /* ContentWebView.m in Sources */ = {isa = PBXBuildFile; fileRef = C549B61111FBCDA9005FBAD8 /* ContentWebView.m */; };
		C549B61911FBCE1D005FBAD8 /* ContentWebViewController.m in Sources */ = {isa = PBXBuildFile; fileRef = C549B61711FBCE1D005FBAD8 /* ContentWebViewController.m */; };
		C549B61A11FBCE1D005FBAD8 /* ContentWebViewController.xib in Resources */ = {isa = PBXBuildFile; fileRef = C549B61811FBCE1D005FBAD8 /* ContentWebViewController.xib */; };
		C59308AD12A08A1300E4C0EE /* LoadingView.m in Sources */ = {isa = PBXBuildFile; fileRef = C59308AC12A08A1300E4C0EE /* LoadingView.m */; };
		C59308C012A08A4D00E4C0EE /* QuartzCore.framework in Frameworks */ = {isa = PBXBuildFile; fileRef = C59308BF12A08A4D00E4C0EE /* QuartzCore.framework */; };
		C599DB4F118915DC006E9CB3 /* BPTextView.m in Sources */ = {isa = PBXBuildFile; fileRef = C599DB4E118915DC006E9CB3 /* BPTextView.m */; };
		C599DB731189B5BC006E9CB3 /* MessageUI.framework in Frameworks */ = {isa = PBXBuildFile; fileRef = C599DB721189B5BC006E9CB3 /* MessageUI.framework */; };
		C599DC381189FE14006E9CB3 /* BPItemManager.m in Sources */ = {isa = PBXBuildFile; fileRef = C599DC371189FE14006E9CB3 /* BPItemManager.m */; };
		C599DC411189FEC4006E9CB3 /* BPItem.m in Sources */ = {isa = PBXBuildFile; fileRef = C599DC401189FEC4006E9CB3 /* BPItem.m */; };
		C5C027A4129CAEF9003DBBEC /* DBAccountInfo.m in Sources */ = {isa = PBXBuildFile; fileRef = C5C02750129CAEF9003DBBEC /* DBAccountInfo.m */; };
		C5C027A5129CAEF9003DBBEC /* DBCreateAccountController.m in Sources */ = {isa = PBXBuildFile; fileRef = C5C02752129CAEF9003DBBEC /* DBCreateAccountController.m */; };
		C5C027A6129CAEF9003DBBEC /* DBError.m in Sources */ = {isa = PBXBuildFile; fileRef = C5C02754129CAEF9003DBBEC /* DBError.m */; };
		C5C027A7129CAEF9003DBBEC /* DBLoadingView.m in Sources */ = {isa = PBXBuildFile; fileRef = C5C02756129CAEF9003DBBEC /* DBLoadingView.m */; };
		C5C027A8129CAEF9003DBBEC /* DBLoginController.m in Sources */ = {isa = PBXBuildFile; fileRef = C5C02758129CAEF9003DBBEC /* DBLoginController.m */; };
		C5C027A9129CAEF9003DBBEC /* DBMetadata.m in Sources */ = {isa = PBXBuildFile; fileRef = C5C0275A129CAEF9003DBBEC /* DBMetadata.m */; };
		C5C027AA129CAEF9003DBBEC /* DBQuota.m in Sources */ = {isa = PBXBuildFile; fileRef = C5C0275C129CAEF9003DBBEC /* DBQuota.m */; };
		C5C027AB129CAEF9003DBBEC /* DBRequest.m in Sources */ = {isa = PBXBuildFile; fileRef = C5C0275E129CAEF9003DBBEC /* DBRequest.m */; };
		C5C027AC129CAEF9003DBBEC /* DBRestClient.m in Sources */ = {isa = PBXBuildFile; fileRef = C5C02760129CAEF9003DBBEC /* DBRestClient.m */; };
		C5C027AD129CAEF9003DBBEC /* DBSession.m in Sources */ = {isa = PBXBuildFile; fileRef = C5C02762129CAEF9003DBBEC /* DBSession.m */; };
		C5C027AE129CAEF9003DBBEC /* NSString+Dropbox.m in Sources */ = {isa = PBXBuildFile; fileRef = C5C02764129CAEF9003DBBEC /* NSString+Dropbox.m */; };
		C5C027AF129CAEF9003DBBEC /* NSObject+SBJSON.m in Sources */ = {isa = PBXBuildFile; fileRef = C5C02768129CAEF9003DBBEC /* NSObject+SBJSON.m */; };
		C5C027B0129CAEF9003DBBEC /* NSString+SBJSON.m in Sources */ = {isa = PBXBuildFile; fileRef = C5C0276A129CAEF9003DBBEC /* NSString+SBJSON.m */; };
		C5C027B1129CAEF9003DBBEC /* SBJSON.m in Sources */ = {isa = PBXBuildFile; fileRef = C5C0276C129CAEF9003DBBEC /* SBJSON.m */; };
		C5C027B2129CAEF9003DBBEC /* SBJsonBase.m in Sources */ = {isa = PBXBuildFile; fileRef = C5C0276E129CAEF9003DBBEC /* SBJsonBase.m */; };
		C5C027B3129CAEF9003DBBEC /* SBJsonParser.m in Sources */ = {isa = PBXBuildFile; fileRef = C5C02770129CAEF9003DBBEC /* SBJsonParser.m */; };
		C5C027B4129CAEF9003DBBEC /* SBJsonWriter.m in Sources */ = {isa = PBXBuildFile; fileRef = C5C02772129CAEF9003DBBEC /* SBJsonWriter.m */; };
		C5C027B5129CAEF9003DBBEC /* Base64Transcoder.c in Sources */ = {isa = PBXBuildFile; fileRef = C5C02775129CAEF9003DBBEC /* Base64Transcoder.c */; };
		C5C027B6129CAEF9003DBBEC /* MPOAuthAPI.m in Sources */ = {isa = PBXBuildFile; fileRef = C5C0277A129CAEF9003DBBEC /* MPOAuthAPI.m */; };
		C5C027B7129CAEF9003DBBEC /* MPOAuthAPIRequestLoader.m in Sources */ = {isa = PBXBuildFile; fileRef = C5C0277C129CAEF9003DBBEC /* MPOAuthAPIRequestLoader.m */; };
		C5C027B8129CAEF9003DBBEC /* MPOAuthAuthenticationMethod.m in Sources */ = {isa = PBXBuildFile; fileRef = C5C0277E129CAEF9003DBBEC /* MPOAuthAuthenticationMethod.m */; };
		C5C027B9129CAEF9003DBBEC /* MPOAuthAuthenticationMethodOAuth.m in Sources */ = {isa = PBXBuildFile; fileRef = C5C02780129CAEF9003DBBEC /* MPOAuthAuthenticationMethodOAuth.m */; };
		C5C027BA129CAEF9003DBBEC /* MPOAuthConnection.m in Sources */ = {isa = PBXBuildFile; fileRef = C5C02782129CAEF9003DBBEC /* MPOAuthConnection.m */; };
		C5C027BB129CAEF9003DBBEC /* MPOAuthCredentiaIConcreteStore+KeychainAdditionsMac.m in Sources */ = {isa = PBXBuildFile; fileRef = C5C02783129CAEF9003DBBEC /* MPOAuthCredentiaIConcreteStore+KeychainAdditionsMac.m */; };
		C5C027BC129CAEF9003DBBEC /* MPOAuthCredentialConcreteStore+KeychainAdditionsiPhone.m in Sources */ = {isa = PBXBuildFile; fileRef = C5C02785129CAEF9003DBBEC /* MPOAuthCredentialConcreteStore+KeychainAdditionsiPhone.m */; };
		C5C027BD129CAEF9003DBBEC /* MPOAuthCredentialConcreteStore.m in Sources */ = {isa = PBXBuildFile; fileRef = C5C02787129CAEF9003DBBEC /* MPOAuthCredentialConcreteStore.m */; };
		C5C027BE129CAEF9003DBBEC /* MPOAuthSignatureParameter.m in Sources */ = {isa = PBXBuildFile; fileRef = C5C0278B129CAEF9003DBBEC /* MPOAuthSignatureParameter.m */; };
		C5C027BF129CAEF9003DBBEC /* MPOAuthURLRequest.m in Sources */ = {isa = PBXBuildFile; fileRef = C5C0278D129CAEF9003DBBEC /* MPOAuthURLRequest.m */; };
		C5C027C0129CAEF9003DBBEC /* MPOAuthURLResponse.m in Sources */ = {isa = PBXBuildFile; fileRef = C5C0278F129CAEF9003DBBEC /* MPOAuthURLResponse.m */; };
		C5C027C1129CAEF9003DBBEC /* MPURLRequestParameter.m in Sources */ = {isa = PBXBuildFile; fileRef = C5C02791129CAEF9003DBBEC /* MPURLRequestParameter.m */; };
		C5C027C2129CAEF9003DBBEC /* NSString+URLEscapingAdditions.m in Sources */ = {isa = PBXBuildFile; fileRef = C5C02793129CAEF9003DBBEC /* NSString+URLEscapingAdditions.m */; };
		C5C027C3129CAEF9003DBBEC /* NSURL+MPURLParameterAdditions.m in Sources */ = {isa = PBXBuildFile; fileRef = C5C02795129CAEF9003DBBEC /* NSURL+MPURLParameterAdditions.m */; };
		C5C027C4129CAEF9003DBBEC /* NSURLResponse+Encoding.m in Sources */ = {isa = PBXBuildFile; fileRef = C5C02797129CAEF9003DBBEC /* NSURLResponse+Encoding.m */; };
		C5C027C5129CAEF9003DBBEC /* db_background.png in Resources */ = {isa = PBXBuildFile; fileRef = C5C02799129CAEF9003DBBEC /* db_background.png */; };
		C5C027C6129CAEF9003DBBEC /* db_create_account.png in Resources */ = {isa = PBXBuildFile; fileRef = C5C0279A129CAEF9003DBBEC /* db_create_account.png */; };
		C5C027C7129CAEF9003DBBEC /* db_create_account@2x.png in Resources */ = {isa = PBXBuildFile; fileRef = C5C0279B129CAEF9003DBBEC /* db_create_account@2x.png */; };
		C5C027C8129CAEF9003DBBEC /* db_create_account_button.png in Resources */ = {isa = PBXBuildFile; fileRef = C5C0279C129CAEF9003DBBEC /* db_create_account_button.png */; };
		C5C027C9129CAEF9003DBBEC /* db_create_account_button_down.png in Resources */ = {isa = PBXBuildFile; fileRef = C5C0279D129CAEF9003DBBEC /* db_create_account_button_down.png */; };
		C5C027CA129CAEF9003DBBEC /* db_link_button.png in Resources */ = {isa = PBXBuildFile; fileRef = C5C0279E129CAEF9003DBBEC /* db_link_button.png */; };
		C5C027CB129CAEF9003DBBEC /* db_link_button_down.png in Resources */ = {isa = PBXBuildFile; fileRef = C5C0279F129CAEF9003DBBEC /* db_link_button_down.png */; };
		C5C027CC129CAEF9003DBBEC /* db_link_header.png in Resources */ = {isa = PBXBuildFile; fileRef = C5C027A0129CAEF9003DBBEC /* db_link_header.png */; };
		C5C027CD129CAEF9003DBBEC /* db_link_header@2x.png in Resources */ = {isa = PBXBuildFile; fileRef = C5C027A1129CAEF9003DBBEC /* db_link_header@2x.png */; };
		C5C027CE129CAEF9003DBBEC /* db_logo.png in Resources */ = {isa = PBXBuildFile; fileRef = C5C027A2129CAEF9003DBBEC /* db_logo.png */; };
		C5C027CF129CAEF9003DBBEC /* db_logo@2x.png in Resources */ = {isa = PBXBuildFile; fileRef = C5C027A3129CAEF9003DBBEC /* db_logo@2x.png */; };
		C5D43D6511AC9A64002A55C8 /* BPFileSystemItemStore.m in Sources */ = {isa = PBXBuildFile; fileRef = C5D43D6411AC9A64002A55C8 /* BPFileSystemItemStore.m */; };
		C5D43D6E11AC9C90002A55C8 /* BPBaseItemStore.m in Sources */ = {isa = PBXBuildFile; fileRef = C5D43D6D11AC9C90002A55C8 /* BPBaseItemStore.m */; };
		C5D91C1B12A12C8D00E33A16 /* ColorPickerViewController.m in Sources */ = {isa = PBXBuildFile; fileRef = C5D91C1912A12C8D00E33A16 /* ColorPickerViewController.m */; };
		C5D91C1C12A12C8D00E33A16 /* ColorPickerViewController.xib in Resources */ = {isa = PBXBuildFile; fileRef = C5D91C1A12A12C8D00E33A16 /* ColorPickerViewController.xib */; };
		C5D91CD412A154A700E33A16 /* GenericPickerViewController.m in Sources */ = {isa = PBXBuildFile; fileRef = C5D91CD212A154A700E33A16 /* GenericPickerViewController.m */; };
		C5D91CD512A154A700E33A16 /* GenericPickerViewController.xib in Resources */ = {isa = PBXBuildFile; fileRef = C5D91CD312A154A700E33A16 /* GenericPickerViewController.xib */; };
		C5D91D4912A1944400E33A16 /* BPApp.m in Sources */ = {isa = PBXBuildFile; fileRef = C5D91D4812A1944400E33A16 /* BPApp.m */; };
		C5D91D8612A1EA1100E33A16 /* MGSplitViewController.m in Sources */ = {isa = PBXBuildFile; fileRef = C5D91D8112A1EA1100E33A16 /* MGSplitViewController.m */; };
		C5D91D8712A1EA1100E33A16 /* MGSplitDividerView.m in Sources */ = {isa = PBXBuildFile; fileRef = C5D91D8312A1EA1100E33A16 /* MGSplitDividerView.m */; };
		C5D91D8812A1EA1100E33A16 /* MGSplitCornersView.m in Sources */ = {isa = PBXBuildFile; fileRef = C5D91D8512A1EA1100E33A16 /* MGSplitCornersView.m */; };
		C5ECD80C1245356B00E63E19 /* BPColorManager.m in Sources */ = {isa = PBXBuildFile; fileRef = C5ECD80B1245356B00E63E19 /* BPColorManager.m */; };
		C5ECD8361245497E00E63E19 /* ARFontPickerViewController.m in Sources */ = {isa = PBXBuildFile; fileRef = C5ECD8351245497E00E63E19 /* ARFontPickerViewController.m */; };
		C5ECD8811245815000E63E19 /* metadata.json in Resources */ = {isa = PBXBuildFile; fileRef = C5ECD87B1245813D00E63E19 /* metadata.json */; };
		C5ECD886124582D300E63E19 /* BPMetadata.m in Sources */ = {isa = PBXBuildFile; fileRef = C5ECD885124582D300E63E19 /* BPMetadata.m */; };
/* End PBXBuildFile section */

/* Begin PBXFileReference section */
		1D30AB110D05D00D00671497 /* Foundation.framework */ = {isa = PBXFileReference; lastKnownFileType = wrapper.framework; name = Foundation.framework; path = System/Library/Frameworks/Foundation.framework; sourceTree = SDKROOT; };
		1D3623240D0F684500981E51 /* TextAppDelegate.h */ = {isa = PBXFileReference; fileEncoding = 4; lastKnownFileType = sourcecode.c.h; path = TextAppDelegate.h; sourceTree = "<group>"; };
		1D3623250D0F684500981E51 /* TextAppDelegate.m */ = {isa = PBXFileReference; fileEncoding = 4; lastKnownFileType = sourcecode.c.objc; path = TextAppDelegate.m; sourceTree = "<group>"; };
		1D6058910D05DD3D006BFB54 /* text.app */ = {isa = PBXFileReference; explicitFileType = wrapper.application; includeInIndex = 0; path = text.app; sourceTree = BUILT_PRODUCTS_DIR; };
		1DF5F4DF0D08C38300B7A737 /* UIKit.framework */ = {isa = PBXFileReference; lastKnownFileType = wrapper.framework; name = UIKit.framework; path = System/Library/Frameworks/UIKit.framework; sourceTree = SDKROOT; };
		28042007108E984D000629CD /* RootViewController.h */ = {isa = PBXFileReference; fileEncoding = 4; lastKnownFileType = sourcecode.c.h; path = RootViewController.h; sourceTree = "<group>"; };
		28042008108E984D000629CD /* RootViewController.m */ = {isa = PBXFileReference; fileEncoding = 4; lastKnownFileType = sourcecode.c.objc; path = RootViewController.m; sourceTree = "<group>"; };
		28042009108E984D000629CD /* DetailViewController.h */ = {isa = PBXFileReference; fileEncoding = 4; lastKnownFileType = sourcecode.c.h; path = DetailViewController.h; sourceTree = "<group>"; };
		2804200A108E984D000629CD /* DetailViewController.m */ = {isa = PBXFileReference; fileEncoding = 4; lastKnownFileType = sourcecode.c.objc; path = DetailViewController.m; sourceTree = "<group>"; };
		2804203B108E9BAB000629CD /* DetailView.xib */ = {isa = PBXFileReference; lastKnownFileType = file.xib; path = DetailView.xib; sourceTree = "<group>"; };
		280420B3108E9F58000629CD /* text.xcdatamodel */ = {isa = PBXFileReference; fileEncoding = 4; lastKnownFileType = wrapper.xcdatamodel; path = text.xcdatamodel; sourceTree = "<group>"; };
		280420C0108EA07E000629CD /* CoreData.framework */ = {isa = PBXFileReference; lastKnownFileType = wrapper.framework; name = CoreData.framework; path = System/Library/Frameworks/CoreData.framework; sourceTree = SDKROOT; };
		2892E40F0DC94CBA00A64D0F /* CoreGraphics.framework */ = {isa = PBXFileReference; lastKnownFileType = wrapper.framework; name = CoreGraphics.framework; path = System/Library/Frameworks/CoreGraphics.framework; sourceTree = SDKROOT; };
		28A0AAE50D9B0CCF005BE974 /* text_Prefix.pch */ = {isa = PBXFileReference; fileEncoding = 4; lastKnownFileType = sourcecode.c.h; path = text_Prefix.pch; sourceTree = "<group>"; };
		28AD735F0D9D9599002E5188 /* MainWindow.xib */ = {isa = PBXFileReference; lastKnownFileType = file.xib; path = MainWindow.xib; sourceTree = "<group>"; };
		29B97316FDCFA39411CA2CEA /* main.m */ = {isa = PBXFileReference; fileEncoding = 4; lastKnownFileType = sourcecode.c.objc; path = main.m; sourceTree = "<group>"; };
		8D1107310486CEB800E47090 /* text-Info.plist */ = {isa = PBXFileReference; fileEncoding = 4; lastKnownFileType = text.plist.xml; path = "text-Info.plist"; plistStructureDefinitionIdentifier = "com.apple.xcode.plist.structure-definition.iphone.info-plist"; sourceTree = "<group>"; };
		C501396412A2E50F002C635A /* ItemLoadingView.xib */ = {isa = PBXFileReference; lastKnownFileType = file.xib; path = ItemLoadingView.xib; sourceTree = "<group>"; };
		C501396712A2E571002C635A /* ItemLoadingView.h */ = {isa = PBXFileReference; fileEncoding = 4; lastKnownFileType = sourcecode.c.h; path = ItemLoadingView.h; sourceTree = "<group>"; };
		C501396812A2E571002C635A /* ItemLoadingView.m */ = {isa = PBXFileReference; fileEncoding = 4; lastKnownFileType = sourcecode.c.objc; path = ItemLoadingView.m; sourceTree = "<group>"; };
		C5013A8512A3FE08002C635A /* dropbox-api-icons */ = {isa = PBXFileReference; lastKnownFileType = folder; path = "dropbox-api-icons"; sourceTree = "<group>"; };
		C51B768C11923C7A00BB1830 /* notes.textile */ = {isa = PBXFileReference; fileEncoding = 4; lastKnownFileType = text; path = notes.textile; sourceTree = "<group>"; };
		C51B76EE1192FC3A00BB1830 /* options.png */ = {isa = PBXFileReference; lastKnownFileType = image.png; path = options.png; sourceTree = "<group>"; };
		C51B781A1193064200BB1830 /* iPad-Launch-Image-Portrait.png */ = {isa = PBXFileReference; lastKnownFileType = image.png; path = "iPad-Launch-Image-Portrait.png"; sourceTree = "<group>"; };
		C51B781B1193064200BB1830 /* iPad-Launch-Image-Landscape.png */ = {isa = PBXFileReference; lastKnownFileType = image.png; path = "iPad-Launch-Image-Landscape.png"; sourceTree = "<group>"; };
		C51B78261193131000BB1830 /* app-icon.png */ = {isa = PBXFileReference; lastKnownFileType = image.png; path = "app-icon.png"; sourceTree = "<group>"; };
		C534D77C118B7B15001A4856 /* Reachability.h */ = {isa = PBXFileReference; fileEncoding = 4; lastKnownFileType = sourcecode.c.h; path = Reachability.h; sourceTree = "<group>"; };
		C534D77D118B7B15001A4856 /* Reachability.m */ = {isa = PBXFileReference; fileEncoding = 4; lastKnownFileType = sourcecode.c.objc; path = Reachability.m; sourceTree = "<group>"; };
		C534D789118B7B42001A4856 /* CFNetwork.framework */ = {isa = PBXFileReference; lastKnownFileType = wrapper.framework; name = CFNetwork.framework; path = System/Library/Frameworks/CFNetwork.framework; sourceTree = SDKROOT; };
		C534D790118B7B68001A4856 /* SystemConfiguration.framework */ = {isa = PBXFileReference; lastKnownFileType = wrapper.framework; name = SystemConfiguration.framework; path = System/Library/Frameworks/SystemConfiguration.framework; sourceTree = SDKROOT; };
		C534D796118B7B96001A4856 /* libz.1.2.3.dylib */ = {isa = PBXFileReference; lastKnownFileType = "compiled.mach-o.dylib"; name = libz.1.2.3.dylib; path = usr/lib/libz.1.2.3.dylib; sourceTree = SDKROOT; };
		C534D79A118B7BBC001A4856 /* crypt.h */ = {isa = PBXFileReference; fileEncoding = 4; lastKnownFileType = sourcecode.c.h; path = crypt.h; sourceTree = "<group>"; };
		C534D79B118B7BBC001A4856 /* ioapi.c */ = {isa = PBXFileReference; fileEncoding = 4; lastKnownFileType = sourcecode.c.c; path = ioapi.c; sourceTree = "<group>"; };
		C534D79C118B7BBC001A4856 /* ioapi.h */ = {isa = PBXFileReference; fileEncoding = 4; lastKnownFileType = sourcecode.c.h; path = ioapi.h; sourceTree = "<group>"; };
		C534D79D118B7BBC001A4856 /* mztools.c */ = {isa = PBXFileReference; fileEncoding = 4; lastKnownFileType = sourcecode.c.c; path = mztools.c; sourceTree = "<group>"; };
		C534D79E118B7BBC001A4856 /* mztools.h */ = {isa = PBXFileReference; fileEncoding = 4; lastKnownFileType = sourcecode.c.h; path = mztools.h; sourceTree = "<group>"; };
		C534D79F118B7BBC001A4856 /* unzip.c */ = {isa = PBXFileReference; fileEncoding = 4; lastKnownFileType = sourcecode.c.c; path = unzip.c; sourceTree = "<group>"; };
		C534D7A0118B7BBC001A4856 /* unzip.h */ = {isa = PBXFileReference; fileEncoding = 4; lastKnownFileType = sourcecode.c.h; path = unzip.h; sourceTree = "<group>"; };
		C534D7A1118B7BBC001A4856 /* zip.c */ = {isa = PBXFileReference; fileEncoding = 4; lastKnownFileType = sourcecode.c.c; path = zip.c; sourceTree = "<group>"; };
		C534D7A2118B7BBC001A4856 /* zip.h */ = {isa = PBXFileReference; fileEncoding = 4; lastKnownFileType = sourcecode.c.h; path = zip.h; sourceTree = "<group>"; };
		C534D7A3118B7BBC001A4856 /* ZipArchive.mm */ = {isa = PBXFileReference; fileEncoding = 4; lastKnownFileType = sourcecode.cpp.objcpp; path = ZipArchive.mm; sourceTree = "<group>"; };
		C534D7A4118B7BBC001A4856 /* ZipArchive.h */ = {isa = PBXFileReference; fileEncoding = 4; lastKnownFileType = sourcecode.c.h; path = ZipArchive.h; sourceTree = "<group>"; };
		C534D7BE118B7C7A001A4856 /* localhostAddresses.h */ = {isa = PBXFileReference; fileEncoding = 4; lastKnownFileType = sourcecode.c.h; path = localhostAddresses.h; sourceTree = "<group>"; };
		C534D7BF118B7C7A001A4856 /* localhostAddresses.m */ = {isa = PBXFileReference; fileEncoding = 4; lastKnownFileType = sourcecode.c.objc; path = localhostAddresses.m; sourceTree = "<group>"; };
		C534D7C0118B7C7A001A4856 /* MyHTTPConnection.h */ = {isa = PBXFileReference; fileEncoding = 4; lastKnownFileType = sourcecode.c.h; path = MyHTTPConnection.h; sourceTree = "<group>"; };
		C534D7C1118B7C7A001A4856 /* MyHTTPConnection.m */ = {isa = PBXFileReference; fileEncoding = 4; lastKnownFileType = sourcecode.c.objc; path = MyHTTPConnection.m; sourceTree = "<group>"; };
		C534D7C2118B7C7A001A4856 /* AsyncSocket.h */ = {isa = PBXFileReference; fileEncoding = 4; lastKnownFileType = sourcecode.c.h; path = AsyncSocket.h; sourceTree = "<group>"; };
		C534D7C3118B7C7A001A4856 /* AsyncSocket.m */ = {isa = PBXFileReference; fileEncoding = 4; lastKnownFileType = sourcecode.c.objc; path = AsyncSocket.m; sourceTree = "<group>"; };
		C534D7C4118B7C7A001A4856 /* DDData.h */ = {isa = PBXFileReference; fileEncoding = 4; lastKnownFileType = sourcecode.c.h; path = DDData.h; sourceTree = "<group>"; };
		C534D7C5118B7C7A001A4856 /* DDData.m */ = {isa = PBXFileReference; fileEncoding = 4; lastKnownFileType = sourcecode.c.objc; path = DDData.m; sourceTree = "<group>"; };
		C534D7C6118B7C7A001A4856 /* DDNumber.h */ = {isa = PBXFileReference; fileEncoding = 4; lastKnownFileType = sourcecode.c.h; path = DDNumber.h; sourceTree = "<group>"; };
		C534D7C7118B7C7A001A4856 /* DDNumber.m */ = {isa = PBXFileReference; fileEncoding = 4; lastKnownFileType = sourcecode.c.objc; path = DDNumber.m; sourceTree = "<group>"; };
		C534D7C8118B7C7A001A4856 /* DDRange.h */ = {isa = PBXFileReference; fileEncoding = 4; lastKnownFileType = sourcecode.c.h; path = DDRange.h; sourceTree = "<group>"; };
		C534D7C9118B7C7A001A4856 /* DDRange.m */ = {isa = PBXFileReference; fileEncoding = 4; lastKnownFileType = sourcecode.c.objc; path = DDRange.m; sourceTree = "<group>"; };
		C534D7CA118B7C7A001A4856 /* HTTPAsyncFileResponse.h */ = {isa = PBXFileReference; fileEncoding = 4; lastKnownFileType = sourcecode.c.h; path = HTTPAsyncFileResponse.h; sourceTree = "<group>"; };
		C534D7CB118B7C7A001A4856 /* HTTPAsyncFileResponse.m */ = {isa = PBXFileReference; fileEncoding = 4; lastKnownFileType = sourcecode.c.objc; path = HTTPAsyncFileResponse.m; sourceTree = "<group>"; };
		C534D7CC118B7C7A001A4856 /* HTTPAuthenticationRequest.h */ = {isa = PBXFileReference; fileEncoding = 4; lastKnownFileType = sourcecode.c.h; path = HTTPAuthenticationRequest.h; sourceTree = "<group>"; };
		C534D7CD118B7C7A001A4856 /* HTTPAuthenticationRequest.m */ = {isa = PBXFileReference; fileEncoding = 4; lastKnownFileType = sourcecode.c.objc; path = HTTPAuthenticationRequest.m; sourceTree = "<group>"; };
		C534D7CE118B7C7A001A4856 /* HTTPConnection.h */ = {isa = PBXFileReference; fileEncoding = 4; lastKnownFileType = sourcecode.c.h; path = HTTPConnection.h; sourceTree = "<group>"; };
		C534D7CF118B7C7A001A4856 /* HTTPConnection.m */ = {isa = PBXFileReference; fileEncoding = 4; lastKnownFileType = sourcecode.c.objc; path = HTTPConnection.m; sourceTree = "<group>"; };
		C534D7D0118B7C7A001A4856 /* HTTPResponse.h */ = {isa = PBXFileReference; fileEncoding = 4; lastKnownFileType = sourcecode.c.h; path = HTTPResponse.h; sourceTree = "<group>"; };
		C534D7D1118B7C7A001A4856 /* HTTPResponse.m */ = {isa = PBXFileReference; fileEncoding = 4; lastKnownFileType = sourcecode.c.objc; path = HTTPResponse.m; sourceTree = "<group>"; };
		C534D7D2118B7C7A001A4856 /* HTTPServer.h */ = {isa = PBXFileReference; fileEncoding = 4; lastKnownFileType = sourcecode.c.h; path = HTTPServer.h; sourceTree = "<group>"; };
		C534D7D3118B7C7A001A4856 /* HTTPServer.m */ = {isa = PBXFileReference; fileEncoding = 4; lastKnownFileType = sourcecode.c.objc; path = HTTPServer.m; sourceTree = "<group>"; };
		C534D7D4118B7C7A001A4856 /* ReadMe.txt */ = {isa = PBXFileReference; fileEncoding = 4; lastKnownFileType = text; path = ReadMe.txt; sourceTree = "<group>"; };
		C534D80D118BA7F0001A4856 /* ItemTableViewController.h */ = {isa = PBXFileReference; fileEncoding = 4; lastKnownFileType = sourcecode.c.h; path = ItemTableViewController.h; sourceTree = "<group>"; };
		C534D80E118BA7F0001A4856 /* ItemTableViewController.m */ = {isa = PBXFileReference; fileEncoding = 4; lastKnownFileType = sourcecode.c.objc; path = ItemTableViewController.m; sourceTree = "<group>"; };
		C534D80F118BA7F0001A4856 /* ItemTableViewController.xib */ = {isa = PBXFileReference; lastKnownFileType = file.xib; name = ItemTableViewController.xib; path = Classes/ItemTableViewController.xib; sourceTree = "<group>"; };
		C534D99A118E4EC8001A4856 /* SettingsTableViewController.h */ = {isa = PBXFileReference; fileEncoding = 4; lastKnownFileType = sourcecode.c.h; path = SettingsTableViewController.h; sourceTree = "<group>"; };
		C534D99B118E4EC8001A4856 /* SettingsTableViewController.m */ = {isa = PBXFileReference; fileEncoding = 4; lastKnownFileType = sourcecode.c.objc; path = SettingsTableViewController.m; sourceTree = "<group>"; };
		C534D99C118E4EC8001A4856 /* SettingsTableViewController.xib */ = {isa = PBXFileReference; lastKnownFileType = file.xib; name = SettingsTableViewController.xib; path = Classes/SettingsTableViewController.xib; sourceTree = "<group>"; };
		C534D9CF118F006C001A4856 /* BPConfig.h */ = {isa = PBXFileReference; fileEncoding = 4; lastKnownFileType = sourcecode.c.h; path = BPConfig.h; sourceTree = "<group>"; };
		C534D9D0118F006C001A4856 /* BPConfig.m */ = {isa = PBXFileReference; fileEncoding = 4; lastKnownFileType = sourcecode.c.objc; path = BPConfig.m; sourceTree = "<group>"; };
		C534DA00118F02E3001A4856 /* www */ = {isa = PBXFileReference; lastKnownFileType = folder; path = www; sourceTree = "<group>"; };
		C534DA14118F03E9001A4856 /* config */ = {isa = PBXFileReference; lastKnownFileType = folder; path = config; sourceTree = "<group>"; };
		C535BFF811B483D700B4C6E7 /* BPDropboxItemStore.m */ = {isa = PBXFileReference; fileEncoding = 4; lastKnownFileType = sourcecode.c.objc; path = BPDropboxItemStore.m; sourceTree = "<group>"; };
		C535BFF911B483D700B4C6E7 /* BPDropboxItemStore.h */ = {isa = PBXFileReference; fileEncoding = 4; lastKnownFileType = sourcecode.c.h; path = BPDropboxItemStore.h; sourceTree = "<group>"; };
		C535C22511B72BF000B4C6E7 /* BPBaseStorageClient.h */ = {isa = PBXFileReference; fileEncoding = 4; lastKnownFileType = sourcecode.c.h; path = BPBaseStorageClient.h; sourceTree = "<group>"; };
		C535C22611B72BF000B4C6E7 /* BPBaseStorageClient.m */ = {isa = PBXFileReference; fileEncoding = 4; lastKnownFileType = sourcecode.c.objc; path = BPBaseStorageClient.m; sourceTree = "<group>"; };
		C535C23011B72C9200B4C6E7 /* BPFileSystemStorageClient.h */ = {isa = PBXFileReference; fileEncoding = 4; lastKnownFileType = sourcecode.c.h; path = BPFileSystemStorageClient.h; sourceTree = "<group>"; };
		C535C23111B72C9200B4C6E7 /* BPFileSystemStorageClient.m */ = {isa = PBXFileReference; fileEncoding = 4; lastKnownFileType = sourcecode.c.objc; path = BPFileSystemStorageClient.m; sourceTree = "<group>"; };
		C535C23511B72D1200B4C6E7 /* BPDropboxStorageClient.h */ = {isa = PBXFileReference; fileEncoding = 4; lastKnownFileType = sourcecode.c.h; path = BPDropboxStorageClient.h; sourceTree = "<group>"; };
		C535C23611B72D1200B4C6E7 /* BPDropboxStorageClient.m */ = {isa = PBXFileReference; fileEncoding = 4; lastKnownFileType = sourcecode.c.objc; path = BPDropboxStorageClient.m; sourceTree = "<group>"; };
		C537AB6C11904507005EC707 /* NewItemViewController.h */ = {isa = PBXFileReference; fileEncoding = 4; lastKnownFileType = sourcecode.c.h; path = NewItemViewController.h; sourceTree = "<group>"; };
		C537AB6D11904507005EC707 /* NewItemViewController.m */ = {isa = PBXFileReference; fileEncoding = 4; lastKnownFileType = sourcecode.c.objc; path = NewItemViewController.m; sourceTree = "<group>"; };
		C537AB6E11904507005EC707 /* NewItemViewController.xib */ = {isa = PBXFileReference; lastKnownFileType = file.xib; name = NewItemViewController.xib; path = Classes/NewItemViewController.xib; sourceTree = "<group>"; };
		C5453C9711A1D87500B117BE /* Security.framework */ = {isa = PBXFileReference; lastKnownFileType = wrapper.framework; name = Security.framework; path = System/Library/Frameworks/Security.framework; sourceTree = SDKROOT; };
		C5453CF611A212D800B117BE /* MobileCoreServices.framework */ = {isa = PBXFileReference; lastKnownFileType = wrapper.framework; name = MobileCoreServices.framework; path = System/Library/Frameworks/MobileCoreServices.framework; sourceTree = SDKROOT; };
		C549B61011FBCDA9005FBAD8 /* ContentWebView.h */ = {isa = PBXFileReference; fileEncoding = 4; lastKnownFileType = sourcecode.c.h; path = ContentWebView.h; sourceTree = "<group>"; };
		C549B61111FBCDA9005FBAD8 /* ContentWebView.m */ = {isa = PBXFileReference; fileEncoding = 4; lastKnownFileType = sourcecode.c.objc; path = ContentWebView.m; sourceTree = "<group>"; };
		C549B61611FBCE1D005FBAD8 /* ContentWebViewController.h */ = {isa = PBXFileReference; fileEncoding = 4; lastKnownFileType = sourcecode.c.h; path = ContentWebViewController.h; sourceTree = "<group>"; };
		C549B61711FBCE1D005FBAD8 /* ContentWebViewController.m */ = {isa = PBXFileReference; fileEncoding = 4; lastKnownFileType = sourcecode.c.objc; path = ContentWebViewController.m; sourceTree = "<group>"; };
		C549B61811FBCE1D005FBAD8 /* ContentWebViewController.xib */ = {isa = PBXFileReference; lastKnownFileType = file.xib; name = ContentWebViewController.xib; path = Classes/ContentWebViewController.xib; sourceTree = "<group>"; };
		C59308AB12A08A1300E4C0EE /* LoadingView.h */ = {isa = PBXFileReference; fileEncoding = 4; lastKnownFileType = sourcecode.c.h; path = LoadingView.h; sourceTree = "<group>"; };
		C59308AC12A08A1300E4C0EE /* LoadingView.m */ = {isa = PBXFileReference; fileEncoding = 4; lastKnownFileType = sourcecode.c.objc; path = LoadingView.m; sourceTree = "<group>"; };
		C59308BF12A08A4D00E4C0EE /* QuartzCore.framework */ = {isa = PBXFileReference; lastKnownFileType = wrapper.framework; name = QuartzCore.framework; path = System/Library/Frameworks/QuartzCore.framework; sourceTree = SDKROOT; };
		C599DB4D118915DC006E9CB3 /* BPTextView.h */ = {isa = PBXFileReference; fileEncoding = 4; lastKnownFileType = sourcecode.c.h; path = BPTextView.h; sourceTree = "<group>"; };
		C599DB4E118915DC006E9CB3 /* BPTextView.m */ = {isa = PBXFileReference; fileEncoding = 4; lastKnownFileType = sourcecode.c.objc; path = BPTextView.m; sourceTree = "<group>"; };
		C599DB721189B5BC006E9CB3 /* MessageUI.framework */ = {isa = PBXFileReference; lastKnownFileType = wrapper.framework; name = MessageUI.framework; path = System/Library/Frameworks/MessageUI.framework; sourceTree = SDKROOT; };
		C599DC331189FB9F006E9CB3 /* Constants.h */ = {isa = PBXFileReference; fileEncoding = 4; lastKnownFileType = sourcecode.c.h; path = Constants.h; sourceTree = "<group>"; };
		C599DC361189FE14006E9CB3 /* BPItemManager.h */ = {isa = PBXFileReference; fileEncoding = 4; lastKnownFileType = sourcecode.c.h; path = BPItemManager.h; sourceTree = "<group>"; };
		C599DC371189FE14006E9CB3 /* BPItemManager.m */ = {isa = PBXFileReference; fileEncoding = 4; lastKnownFileType = sourcecode.c.objc; path = BPItemManager.m; sourceTree = "<group>"; };
		C599DC3F1189FEC4006E9CB3 /* BPItem.h */ = {isa = PBXFileReference; fileEncoding = 4; lastKnownFileType = sourcecode.c.h; path = BPItem.h; sourceTree = "<group>"; };
		C599DC401189FEC4006E9CB3 /* BPItem.m */ = {isa = PBXFileReference; fileEncoding = 4; lastKnownFileType = sourcecode.c.objc; path = BPItem.m; sourceTree = "<group>"; };
		C5C0274E129CAEF9003DBBEC /* DropboxSDK.h */ = {isa = PBXFileReference; fileEncoding = 4; lastKnownFileType = sourcecode.c.h; path = DropboxSDK.h; sourceTree = "<group>"; };
		C5C0274F129CAEF9003DBBEC /* DBAccountInfo.h */ = {isa = PBXFileReference; fileEncoding = 4; lastKnownFileType = sourcecode.c.h; path = DBAccountInfo.h; sourceTree = "<group>"; };
		C5C02750129CAEF9003DBBEC /* DBAccountInfo.m */ = {isa = PBXFileReference; fileEncoding = 4; lastKnownFileType = sourcecode.c.objc; path = DBAccountInfo.m; sourceTree = "<group>"; };
		C5C02751129CAEF9003DBBEC /* DBCreateAccountController.h */ = {isa = PBXFileReference; fileEncoding = 4; lastKnownFileType = sourcecode.c.h; path = DBCreateAccountController.h; sourceTree = "<group>"; };
		C5C02752129CAEF9003DBBEC /* DBCreateAccountController.m */ = {isa = PBXFileReference; fileEncoding = 4; lastKnownFileType = sourcecode.c.objc; path = DBCreateAccountController.m; sourceTree = "<group>"; };
		C5C02753129CAEF9003DBBEC /* DBError.h */ = {isa = PBXFileReference; fileEncoding = 4; lastKnownFileType = sourcecode.c.h; path = DBError.h; sourceTree = "<group>"; };
		C5C02754129CAEF9003DBBEC /* DBError.m */ = {isa = PBXFileReference; fileEncoding = 4; lastKnownFileType = sourcecode.c.objc; path = DBError.m; sourceTree = "<group>"; };
		C5C02755129CAEF9003DBBEC /* DBLoadingView.h */ = {isa = PBXFileReference; fileEncoding = 4; lastKnownFileType = sourcecode.c.h; path = DBLoadingView.h; sourceTree = "<group>"; };
		C5C02756129CAEF9003DBBEC /* DBLoadingView.m */ = {isa = PBXFileReference; fileEncoding = 4; lastKnownFileType = sourcecode.c.objc; path = DBLoadingView.m; sourceTree = "<group>"; };
		C5C02757129CAEF9003DBBEC /* DBLoginController.h */ = {isa = PBXFileReference; fileEncoding = 4; lastKnownFileType = sourcecode.c.h; path = DBLoginController.h; sourceTree = "<group>"; };
		C5C02758129CAEF9003DBBEC /* DBLoginController.m */ = {isa = PBXFileReference; fileEncoding = 4; lastKnownFileType = sourcecode.c.objc; path = DBLoginController.m; sourceTree = "<group>"; };
		C5C02759129CAEF9003DBBEC /* DBMetadata.h */ = {isa = PBXFileReference; fileEncoding = 4; lastKnownFileType = sourcecode.c.h; path = DBMetadata.h; sourceTree = "<group>"; };
		C5C0275A129CAEF9003DBBEC /* DBMetadata.m */ = {isa = PBXFileReference; fileEncoding = 4; lastKnownFileType = sourcecode.c.objc; path = DBMetadata.m; sourceTree = "<group>"; };
		C5C0275B129CAEF9003DBBEC /* DBQuota.h */ = {isa = PBXFileReference; fileEncoding = 4; lastKnownFileType = sourcecode.c.h; path = DBQuota.h; sourceTree = "<group>"; };
		C5C0275C129CAEF9003DBBEC /* DBQuota.m */ = {isa = PBXFileReference; fileEncoding = 4; lastKnownFileType = sourcecode.c.objc; path = DBQuota.m; sourceTree = "<group>"; };
		C5C0275D129CAEF9003DBBEC /* DBRequest.h */ = {isa = PBXFileReference; fileEncoding = 4; lastKnownFileType = sourcecode.c.h; path = DBRequest.h; sourceTree = "<group>"; };
		C5C0275E129CAEF9003DBBEC /* DBRequest.m */ = {isa = PBXFileReference; fileEncoding = 4; lastKnownFileType = sourcecode.c.objc; path = DBRequest.m; sourceTree = "<group>"; };
		C5C0275F129CAEF9003DBBEC /* DBRestClient.h */ = {isa = PBXFileReference; fileEncoding = 4; lastKnownFileType = sourcecode.c.h; path = DBRestClient.h; sourceTree = "<group>"; };
		C5C02760129CAEF9003DBBEC /* DBRestClient.m */ = {isa = PBXFileReference; fileEncoding = 4; lastKnownFileType = sourcecode.c.objc; path = DBRestClient.m; sourceTree = "<group>"; };
		C5C02761129CAEF9003DBBEC /* DBSession.h */ = {isa = PBXFileReference; fileEncoding = 4; lastKnownFileType = sourcecode.c.h; path = DBSession.h; sourceTree = "<group>"; };
		C5C02762129CAEF9003DBBEC /* DBSession.m */ = {isa = PBXFileReference; fileEncoding = 4; lastKnownFileType = sourcecode.c.objc; path = DBSession.m; sourceTree = "<group>"; };
		C5C02763129CAEF9003DBBEC /* NSString+Dropbox.h */ = {isa = PBXFileReference; fileEncoding = 4; lastKnownFileType = sourcecode.c.h; path = "NSString+Dropbox.h"; sourceTree = "<group>"; };
		C5C02764129CAEF9003DBBEC /* NSString+Dropbox.m */ = {isa = PBXFileReference; fileEncoding = 4; lastKnownFileType = sourcecode.c.objc; path = "NSString+Dropbox.m"; sourceTree = "<group>"; };
		C5C02766129CAEF9003DBBEC /* JSON.h */ = {isa = PBXFileReference; fileEncoding = 4; lastKnownFileType = sourcecode.c.h; path = JSON.h; sourceTree = "<group>"; };
		C5C02767129CAEF9003DBBEC /* NSObject+SBJSON.h */ = {isa = PBXFileReference; fileEncoding = 4; lastKnownFileType = sourcecode.c.h; path = "NSObject+SBJSON.h"; sourceTree = "<group>"; };
		C5C02768129CAEF9003DBBEC /* NSObject+SBJSON.m */ = {isa = PBXFileReference; fileEncoding = 4; lastKnownFileType = sourcecode.c.objc; path = "NSObject+SBJSON.m"; sourceTree = "<group>"; };
		C5C02769129CAEF9003DBBEC /* NSString+SBJSON.h */ = {isa = PBXFileReference; fileEncoding = 4; lastKnownFileType = sourcecode.c.h; path = "NSString+SBJSON.h"; sourceTree = "<group>"; };
		C5C0276A129CAEF9003DBBEC /* NSString+SBJSON.m */ = {isa = PBXFileReference; fileEncoding = 4; lastKnownFileType = sourcecode.c.objc; path = "NSString+SBJSON.m"; sourceTree = "<group>"; };
		C5C0276B129CAEF9003DBBEC /* SBJSON.h */ = {isa = PBXFileReference; fileEncoding = 4; lastKnownFileType = sourcecode.c.h; path = SBJSON.h; sourceTree = "<group>"; };
		C5C0276C129CAEF9003DBBEC /* SBJSON.m */ = {isa = PBXFileReference; fileEncoding = 4; lastKnownFileType = sourcecode.c.objc; path = SBJSON.m; sourceTree = "<group>"; };
		C5C0276D129CAEF9003DBBEC /* SBJsonBase.h */ = {isa = PBXFileReference; fileEncoding = 4; lastKnownFileType = sourcecode.c.h; path = SBJsonBase.h; sourceTree = "<group>"; };
		C5C0276E129CAEF9003DBBEC /* SBJsonBase.m */ = {isa = PBXFileReference; fileEncoding = 4; lastKnownFileType = sourcecode.c.objc; path = SBJsonBase.m; sourceTree = "<group>"; };
		C5C0276F129CAEF9003DBBEC /* SBJsonParser.h */ = {isa = PBXFileReference; fileEncoding = 4; lastKnownFileType = sourcecode.c.h; path = SBJsonParser.h; sourceTree = "<group>"; };
		C5C02770129CAEF9003DBBEC /* SBJsonParser.m */ = {isa = PBXFileReference; fileEncoding = 4; lastKnownFileType = sourcecode.c.objc; path = SBJsonParser.m; sourceTree = "<group>"; };
		C5C02771129CAEF9003DBBEC /* SBJsonWriter.h */ = {isa = PBXFileReference; fileEncoding = 4; lastKnownFileType = sourcecode.c.h; path = SBJsonWriter.h; sourceTree = "<group>"; };
		C5C02772129CAEF9003DBBEC /* SBJsonWriter.m */ = {isa = PBXFileReference; fileEncoding = 4; lastKnownFileType = sourcecode.c.objc; path = SBJsonWriter.m; sourceTree = "<group>"; };
		C5C02775129CAEF9003DBBEC /* Base64Transcoder.c */ = {isa = PBXFileReference; fileEncoding = 4; lastKnownFileType = sourcecode.c.c; path = Base64Transcoder.c; sourceTree = "<group>"; };
		C5C02776129CAEF9003DBBEC /* Base64Transcoder.h */ = {isa = PBXFileReference; fileEncoding = 4; lastKnownFileType = sourcecode.c.h; path = Base64Transcoder.h; sourceTree = "<group>"; };
		C5C02777129CAEF9003DBBEC /* MPDebug.h */ = {isa = PBXFileReference; fileEncoding = 4; lastKnownFileType = sourcecode.c.h; path = MPDebug.h; sourceTree = "<group>"; };
		C5C02778129CAEF9003DBBEC /* MPOAuth.h */ = {isa = PBXFileReference; fileEncoding = 4; lastKnownFileType = sourcecode.c.h; path = MPOAuth.h; sourceTree = "<group>"; };
		C5C02779129CAEF9003DBBEC /* MPOAuthAPI.h */ = {isa = PBXFileReference; fileEncoding = 4; lastKnownFileType = sourcecode.c.h; path = MPOAuthAPI.h; sourceTree = "<group>"; };
		C5C0277A129CAEF9003DBBEC /* MPOAuthAPI.m */ = {isa = PBXFileReference; fileEncoding = 4; lastKnownFileType = sourcecode.c.objc; path = MPOAuthAPI.m; sourceTree = "<group>"; };
		C5C0277B129CAEF9003DBBEC /* MPOAuthAPIRequestLoader.h */ = {isa = PBXFileReference; fileEncoding = 4; lastKnownFileType = sourcecode.c.h; path = MPOAuthAPIRequestLoader.h; sourceTree = "<group>"; };
		C5C0277C129CAEF9003DBBEC /* MPOAuthAPIRequestLoader.m */ = {isa = PBXFileReference; fileEncoding = 4; lastKnownFileType = sourcecode.c.objc; path = MPOAuthAPIRequestLoader.m; sourceTree = "<group>"; };
		C5C0277D129CAEF9003DBBEC /* MPOAuthAuthenticationMethod.h */ = {isa = PBXFileReference; fileEncoding = 4; lastKnownFileType = sourcecode.c.h; path = MPOAuthAuthenticationMethod.h; sourceTree = "<group>"; };
		C5C0277E129CAEF9003DBBEC /* MPOAuthAuthenticationMethod.m */ = {isa = PBXFileReference; fileEncoding = 4; lastKnownFileType = sourcecode.c.objc; path = MPOAuthAuthenticationMethod.m; sourceTree = "<group>"; };
		C5C0277F129CAEF9003DBBEC /* MPOAuthAuthenticationMethodOAuth.h */ = {isa = PBXFileReference; fileEncoding = 4; lastKnownFileType = sourcecode.c.h; path = MPOAuthAuthenticationMethodOAuth.h; sourceTree = "<group>"; };
		C5C02780129CAEF9003DBBEC /* MPOAuthAuthenticationMethodOAuth.m */ = {isa = PBXFileReference; fileEncoding = 4; lastKnownFileType = sourcecode.c.objc; path = MPOAuthAuthenticationMethodOAuth.m; sourceTree = "<group>"; };
		C5C02781129CAEF9003DBBEC /* MPOAuthConnection.h */ = {isa = PBXFileReference; fileEncoding = 4; lastKnownFileType = sourcecode.c.h; path = MPOAuthConnection.h; sourceTree = "<group>"; };
		C5C02782129CAEF9003DBBEC /* MPOAuthConnection.m */ = {isa = PBXFileReference; fileEncoding = 4; lastKnownFileType = sourcecode.c.objc; path = MPOAuthConnection.m; sourceTree = "<group>"; };
		C5C02783129CAEF9003DBBEC /* MPOAuthCredentiaIConcreteStore+KeychainAdditionsMac.m */ = {isa = PBXFileReference; fileEncoding = 4; lastKnownFileType = sourcecode.c.objc; path = "MPOAuthCredentiaIConcreteStore+KeychainAdditionsMac.m"; sourceTree = "<group>"; };
		C5C02784129CAEF9003DBBEC /* MPOAuthCredentialConcreteStore+KeychainAdditions.h */ = {isa = PBXFileReference; fileEncoding = 4; lastKnownFileType = sourcecode.c.h; path = "MPOAuthCredentialConcreteStore+KeychainAdditions.h"; sourceTree = "<group>"; };
		C5C02785129CAEF9003DBBEC /* MPOAuthCredentialConcreteStore+KeychainAdditionsiPhone.m */ = {isa = PBXFileReference; fileEncoding = 4; lastKnownFileType = sourcecode.c.objc; path = "MPOAuthCredentialConcreteStore+KeychainAdditionsiPhone.m"; sourceTree = "<group>"; };
		C5C02786129CAEF9003DBBEC /* MPOAuthCredentialConcreteStore.h */ = {isa = PBXFileReference; fileEncoding = 4; lastKnownFileType = sourcecode.c.h; path = MPOAuthCredentialConcreteStore.h; sourceTree = "<group>"; };
		C5C02787129CAEF9003DBBEC /* MPOAuthCredentialConcreteStore.m */ = {isa = PBXFileReference; fileEncoding = 4; lastKnownFileType = sourcecode.c.objc; path = MPOAuthCredentialConcreteStore.m; sourceTree = "<group>"; };
		C5C02788129CAEF9003DBBEC /* MPOAuthCredentialStore.h */ = {isa = PBXFileReference; fileEncoding = 4; lastKnownFileType = sourcecode.c.h; path = MPOAuthCredentialStore.h; sourceTree = "<group>"; };
		C5C02789129CAEF9003DBBEC /* MPOAuthParameterFactory.h */ = {isa = PBXFileReference; fileEncoding = 4; lastKnownFileType = sourcecode.c.h; path = MPOAuthParameterFactory.h; sourceTree = "<group>"; };
		C5C0278A129CAEF9003DBBEC /* MPOAuthSignatureParameter.h */ = {isa = PBXFileReference; fileEncoding = 4; lastKnownFileType = sourcecode.c.h; path = MPOAuthSignatureParameter.h; sourceTree = "<group>"; };
		C5C0278B129CAEF9003DBBEC /* MPOAuthSignatureParameter.m */ = {isa = PBXFileReference; fileEncoding = 4; lastKnownFileType = sourcecode.c.objc; path = MPOAuthSignatureParameter.m; sourceTree = "<group>"; };
		C5C0278C129CAEF9003DBBEC /* MPOAuthURLRequest.h */ = {isa = PBXFileReference; fileEncoding = 4; lastKnownFileType = sourcecode.c.h; path = MPOAuthURLRequest.h; sourceTree = "<group>"; };
		C5C0278D129CAEF9003DBBEC /* MPOAuthURLRequest.m */ = {isa = PBXFileReference; fileEncoding = 4; lastKnownFileType = sourcecode.c.objc; path = MPOAuthURLRequest.m; sourceTree = "<group>"; };
		C5C0278E129CAEF9003DBBEC /* MPOAuthURLResponse.h */ = {isa = PBXFileReference; fileEncoding = 4; lastKnownFileType = sourcecode.c.h; path = MPOAuthURLResponse.h; sourceTree = "<group>"; };
		C5C0278F129CAEF9003DBBEC /* MPOAuthURLResponse.m */ = {isa = PBXFileReference; fileEncoding = 4; lastKnownFileType = sourcecode.c.objc; path = MPOAuthURLResponse.m; sourceTree = "<group>"; };
		C5C02790129CAEF9003DBBEC /* MPURLRequestParameter.h */ = {isa = PBXFileReference; fileEncoding = 4; lastKnownFileType = sourcecode.c.h; path = MPURLRequestParameter.h; sourceTree = "<group>"; };
		C5C02791129CAEF9003DBBEC /* MPURLRequestParameter.m */ = {isa = PBXFileReference; fileEncoding = 4; lastKnownFileType = sourcecode.c.objc; path = MPURLRequestParameter.m; sourceTree = "<group>"; };
		C5C02792129CAEF9003DBBEC /* NSString+URLEscapingAdditions.h */ = {isa = PBXFileReference; fileEncoding = 4; lastKnownFileType = sourcecode.c.h; path = "NSString+URLEscapingAdditions.h"; sourceTree = "<group>"; };
		C5C02793129CAEF9003DBBEC /* NSString+URLEscapingAdditions.m */ = {isa = PBXFileReference; fileEncoding = 4; lastKnownFileType = sourcecode.c.objc; path = "NSString+URLEscapingAdditions.m"; sourceTree = "<group>"; };
		C5C02794129CAEF9003DBBEC /* NSURL+MPURLParameterAdditions.h */ = {isa = PBXFileReference; fileEncoding = 4; lastKnownFileType = sourcecode.c.h; path = "NSURL+MPURLParameterAdditions.h"; sourceTree = "<group>"; };
		C5C02795129CAEF9003DBBEC /* NSURL+MPURLParameterAdditions.m */ = {isa = PBXFileReference; fileEncoding = 4; lastKnownFileType = sourcecode.c.objc; path = "NSURL+MPURLParameterAdditions.m"; sourceTree = "<group>"; };
		C5C02796129CAEF9003DBBEC /* NSURLResponse+Encoding.h */ = {isa = PBXFileReference; fileEncoding = 4; lastKnownFileType = sourcecode.c.h; path = "NSURLResponse+Encoding.h"; sourceTree = "<group>"; };
		C5C02797129CAEF9003DBBEC /* NSURLResponse+Encoding.m */ = {isa = PBXFileReference; fileEncoding = 4; lastKnownFileType = sourcecode.c.objc; path = "NSURLResponse+Encoding.m"; sourceTree = "<group>"; };
		C5C02799129CAEF9003DBBEC /* db_background.png */ = {isa = PBXFileReference; lastKnownFileType = image.png; path = db_background.png; sourceTree = "<group>"; };
		C5C0279A129CAEF9003DBBEC /* db_create_account.png */ = {isa = PBXFileReference; lastKnownFileType = image.png; path = db_create_account.png; sourceTree = "<group>"; };
		C5C0279B129CAEF9003DBBEC /* db_create_account@2x.png */ = {isa = PBXFileReference; lastKnownFileType = image.png; path = "db_create_account@2x.png"; sourceTree = "<group>"; };
		C5C0279C129CAEF9003DBBEC /* db_create_account_button.png */ = {isa = PBXFileReference; lastKnownFileType = image.png; path = db_create_account_button.png; sourceTree = "<group>"; };
		C5C0279D129CAEF9003DBBEC /* db_create_account_button_down.png */ = {isa = PBXFileReference; lastKnownFileType = image.png; path = db_create_account_button_down.png; sourceTree = "<group>"; };
		C5C0279E129CAEF9003DBBEC /* db_link_button.png */ = {isa = PBXFileReference; lastKnownFileType = image.png; path = db_link_button.png; sourceTree = "<group>"; };
		C5C0279F129CAEF9003DBBEC /* db_link_button_down.png */ = {isa = PBXFileReference; lastKnownFileType = image.png; path = db_link_button_down.png; sourceTree = "<group>"; };
		C5C027A0129CAEF9003DBBEC /* db_link_header.png */ = {isa = PBXFileReference; lastKnownFileType = image.png; path = db_link_header.png; sourceTree = "<group>"; };
		C5C027A1129CAEF9003DBBEC /* db_link_header@2x.png */ = {isa = PBXFileReference; lastKnownFileType = image.png; path = "db_link_header@2x.png"; sourceTree = "<group>"; };
		C5C027A2129CAEF9003DBBEC /* db_logo.png */ = {isa = PBXFileReference; lastKnownFileType = image.png; path = db_logo.png; sourceTree = "<group>"; };
		C5C027A3129CAEF9003DBBEC /* db_logo@2x.png */ = {isa = PBXFileReference; lastKnownFileType = image.png; path = "db_logo@2x.png"; sourceTree = "<group>"; };
		C5D43D6311AC9A64002A55C8 /* BPFileSystemItemStore.h */ = {isa = PBXFileReference; fileEncoding = 4; lastKnownFileType = sourcecode.c.h; path = BPFileSystemItemStore.h; sourceTree = "<group>"; };
		C5D43D6411AC9A64002A55C8 /* BPFileSystemItemStore.m */ = {isa = PBXFileReference; fileEncoding = 4; lastKnownFileType = sourcecode.c.objc; path = BPFileSystemItemStore.m; sourceTree = "<group>"; };
		C5D43D6C11AC9C90002A55C8 /* BPBaseItemStore.h */ = {isa = PBXFileReference; fileEncoding = 4; lastKnownFileType = sourcecode.c.h; path = BPBaseItemStore.h; sourceTree = "<group>"; };
		C5D43D6D11AC9C90002A55C8 /* BPBaseItemStore.m */ = {isa = PBXFileReference; fileEncoding = 4; lastKnownFileType = sourcecode.c.objc; path = BPBaseItemStore.m; sourceTree = "<group>"; };
		C5D91C1812A12C8D00E33A16 /* ColorPickerViewController.h */ = {isa = PBXFileReference; fileEncoding = 4; lastKnownFileType = sourcecode.c.h; path = ColorPickerViewController.h; sourceTree = "<group>"; };
		C5D91C1912A12C8D00E33A16 /* ColorPickerViewController.m */ = {isa = PBXFileReference; fileEncoding = 4; lastKnownFileType = sourcecode.c.objc; path = ColorPickerViewController.m; sourceTree = "<group>"; };
		C5D91C1A12A12C8D00E33A16 /* ColorPickerViewController.xib */ = {isa = PBXFileReference; lastKnownFileType = file.xib; name = ColorPickerViewController.xib; path = Classes/ColorPickerViewController.xib; sourceTree = "<group>"; };
		C5D91CD112A154A700E33A16 /* GenericPickerViewController.h */ = {isa = PBXFileReference; fileEncoding = 4; lastKnownFileType = sourcecode.c.h; path = GenericPickerViewController.h; sourceTree = "<group>"; };
		C5D91CD212A154A700E33A16 /* GenericPickerViewController.m */ = {isa = PBXFileReference; fileEncoding = 4; lastKnownFileType = sourcecode.c.objc; path = GenericPickerViewController.m; sourceTree = "<group>"; };
		C5D91CD312A154A700E33A16 /* GenericPickerViewController.xib */ = {isa = PBXFileReference; lastKnownFileType = file.xib; name = GenericPickerViewController.xib; path = Classes/GenericPickerViewController.xib; sourceTree = "<group>"; };
		C5D91D4712A1944400E33A16 /* BPApp.h */ = {isa = PBXFileReference; fileEncoding = 4; lastKnownFileType = sourcecode.c.h; path = BPApp.h; sourceTree = "<group>"; };
		C5D91D4812A1944400E33A16 /* BPApp.m */ = {isa = PBXFileReference; fileEncoding = 4; lastKnownFileType = sourcecode.c.objc; path = BPApp.m; sourceTree = "<group>"; };
		C5D91D8012A1EA1100E33A16 /* MGSplitViewController.h */ = {isa = PBXFileReference; fileEncoding = 4; lastKnownFileType = sourcecode.c.h; path = MGSplitViewController.h; sourceTree = "<group>"; };
		C5D91D8112A1EA1100E33A16 /* MGSplitViewController.m */ = {isa = PBXFileReference; fileEncoding = 4; lastKnownFileType = sourcecode.c.objc; path = MGSplitViewController.m; sourceTree = "<group>"; };
		C5D91D8212A1EA1100E33A16 /* MGSplitDividerView.h */ = {isa = PBXFileReference; fileEncoding = 4; lastKnownFileType = sourcecode.c.h; path = MGSplitDividerView.h; sourceTree = "<group>"; };
		C5D91D8312A1EA1100E33A16 /* MGSplitDividerView.m */ = {isa = PBXFileReference; fileEncoding = 4; lastKnownFileType = sourcecode.c.objc; path = MGSplitDividerView.m; sourceTree = "<group>"; };
		C5D91D8412A1EA1100E33A16 /* MGSplitCornersView.h */ = {isa = PBXFileReference; fileEncoding = 4; lastKnownFileType = sourcecode.c.h; path = MGSplitCornersView.h; sourceTree = "<group>"; };
		C5D91D8512A1EA1100E33A16 /* MGSplitCornersView.m */ = {isa = PBXFileReference; fileEncoding = 4; lastKnownFileType = sourcecode.c.objc; path = MGSplitCornersView.m; sourceTree = "<group>"; };
		C5ECD80A1245356B00E63E19 /* BPColorManager.h */ = {isa = PBXFileReference; fileEncoding = 4; lastKnownFileType = sourcecode.c.h; path = BPColorManager.h; sourceTree = "<group>"; };
		C5ECD80B1245356B00E63E19 /* BPColorManager.m */ = {isa = PBXFileReference; fileEncoding = 4; lastKnownFileType = sourcecode.c.objc; path = BPColorManager.m; sourceTree = "<group>"; };
		C5ECD8341245497E00E63E19 /* ARFontPickerViewController.h */ = {isa = PBXFileReference; fileEncoding = 4; lastKnownFileType = sourcecode.c.h; path = ARFontPickerViewController.h; sourceTree = "<group>"; };
		C5ECD8351245497E00E63E19 /* ARFontPickerViewController.m */ = {isa = PBXFileReference; fileEncoding = 4; lastKnownFileType = sourcecode.c.objc; path = ARFontPickerViewController.m; sourceTree = "<group>"; };
		C5ECD87B1245813D00E63E19 /* metadata.json */ = {isa = PBXFileReference; fileEncoding = 4; lastKnownFileType = text; path = metadata.json; sourceTree = "<group>"; };
		C5ECD884124582D300E63E19 /* BPMetadata.h */ = {isa = PBXFileReference; fileEncoding = 4; lastKnownFileType = sourcecode.c.h; path = BPMetadata.h; sourceTree = "<group>"; };
		C5ECD885124582D300E63E19 /* BPMetadata.m */ = {isa = PBXFileReference; fileEncoding = 4; lastKnownFileType = sourcecode.c.objc; path = BPMetadata.m; sourceTree = "<group>"; };
/* End PBXFileReference section */

/* Begin PBXFrameworksBuildPhase section */
		1D60588F0D05DD3D006BFB54 /* Frameworks */ = {
			isa = PBXFrameworksBuildPhase;
			buildActionMask = 2147483647;
			files = (
				1D60589F0D05DD5A006BFB54 /* Foundation.framework in Frameworks */,
				1DF5F4E00D08C38300B7A737 /* UIKit.framework in Frameworks */,
				2892E4100DC94CBA00A64D0F /* CoreGraphics.framework in Frameworks */,
				280420C1108EA07E000629CD /* CoreData.framework in Frameworks */,
				C599DB731189B5BC006E9CB3 /* MessageUI.framework in Frameworks */,
				C534D78A118B7B42001A4856 /* CFNetwork.framework in Frameworks */,
				C534D791118B7B68001A4856 /* SystemConfiguration.framework in Frameworks */,
				C534D797118B7B96001A4856 /* libz.1.2.3.dylib in Frameworks */,
				C5453C9811A1D87500B117BE /* Security.framework in Frameworks */,
				C5453CF711A212D800B117BE /* MobileCoreServices.framework in Frameworks */,
				C59308C012A08A4D00E4C0EE /* QuartzCore.framework in Frameworks */,
			);
			runOnlyForDeploymentPostprocessing = 0;
		};
/* End PBXFrameworksBuildPhase section */

/* Begin PBXGroup section */
		080E96DDFE201D6D7F000001 /* Classes */ = {
			isa = PBXGroup;
			children = (
				C599DC331189FB9F006E9CB3 /* Constants.h */,
				1D3623240D0F684500981E51 /* TextAppDelegate.h */,
				1D3623250D0F684500981E51 /* TextAppDelegate.m */,
				C5BD7951134E3B3900C42582 /* Vendor */,
				C5BD7950134E3A8000C42582 /* Models */,
				C5BD794F134E3A6A00C42582 /* Views */,
				C5BD794E134E39F100C42582 /* ViewControllers */,
			);
			path = Classes;
			sourceTree = "<group>";
		};
		19C28FACFE9D520D11CA2CBB /* Products */ = {
			isa = PBXGroup;
			children = (
				1D6058910D05DD3D006BFB54 /* text.app */,
			);
			name = Products;
			sourceTree = "<group>";
		};
		29B97314FDCFA39411CA2CEA /* CustomTemplate */ = {
			isa = PBXGroup;
			children = (
				C5013A8512A3FE08002C635A /* dropbox-api-icons */,
				C534DA14118F03E9001A4856 /* config */,
				C534DA00118F02E3001A4856 /* www */,
				080E96DDFE201D6D7F000001 /* Classes */,
				29B97315FDCFA39411CA2CEA /* Other Sources */,
				29B97317FDCFA39411CA2CEA /* Resources */,
				29B97323FDCFA39411CA2CEA /* Frameworks */,
				19C28FACFE9D520D11CA2CBB /* Products */,
				C51B768C11923C7A00BB1830 /* notes.textile */,
			);
			name = CustomTemplate;
			sourceTree = "<group>";
		};
		29B97315FDCFA39411CA2CEA /* Other Sources */ = {
			isa = PBXGroup;
			children = (
				28A0AAE50D9B0CCF005BE974 /* text_Prefix.pch */,
				29B97316FDCFA39411CA2CEA /* main.m */,
			);
			name = "Other Sources";
			sourceTree = "<group>";
		};
		29B97317FDCFA39411CA2CEA /* Resources */ = {
			isa = PBXGroup;
			children = (
				C51B78261193131000BB1830 /* app-icon.png */,
				C51B781A1193064200BB1830 /* iPad-Launch-Image-Portrait.png */,
				C51B781B1193064200BB1830 /* iPad-Launch-Image-Landscape.png */,
				C51B76EE1192FC3A00BB1830 /* options.png */,
				2819300D112F7FA900ECF9B4 /* text.xcdatamodeld */,
				C534D80F118BA7F0001A4856 /* ItemTableViewController.xib */,
				C534D99C118E4EC8001A4856 /* SettingsTableViewController.xib */,
				C537AB6E11904507005EC707 /* NewItemViewController.xib */,
				C549B61811FBCE1D005FBAD8 /* ContentWebViewController.xib */,
				C5D91C1A12A12C8D00E33A16 /* ColorPickerViewController.xib */,
				C5D91CD312A154A700E33A16 /* GenericPickerViewController.xib */,
				28AD735F0D9D9599002E5188 /* MainWindow.xib */,
				2804203B108E9BAB000629CD /* DetailView.xib */,
				8D1107310486CEB800E47090 /* text-Info.plist */,
				C5ECD87B1245813D00E63E19 /* metadata.json */,
				C501396412A2E50F002C635A /* ItemLoadingView.xib */,
			);
			name = Resources;
			sourceTree = "<group>";
		};
		29B97323FDCFA39411CA2CEA /* Frameworks */ = {
			isa = PBXGroup;
			children = (
				1DF5F4DF0D08C38300B7A737 /* UIKit.framework */,
				1D30AB110D05D00D00671497 /* Foundation.framework */,
				2892E40F0DC94CBA00A64D0F /* CoreGraphics.framework */,
				280420C0108EA07E000629CD /* CoreData.framework */,
				C599DB721189B5BC006E9CB3 /* MessageUI.framework */,
				C534D789118B7B42001A4856 /* CFNetwork.framework */,
				C534D790118B7B68001A4856 /* SystemConfiguration.framework */,
				C534D796118B7B96001A4856 /* libz.1.2.3.dylib */,
				C5453C9711A1D87500B117BE /* Security.framework */,
				C5453CF611A212D800B117BE /* MobileCoreServices.framework */,
				C59308BF12A08A4D00E4C0EE /* QuartzCore.framework */,
			);
			name = Frameworks;
			sourceTree = "<group>";
		};
		C534D773118B7AF4001A4856 /* Reachability */ = {
			isa = PBXGroup;
			children = (
				C534D77C118B7B15001A4856 /* Reachability.h */,
				C534D77D118B7B15001A4856 /* Reachability.m */,
			);
			name = Reachability;
			sourceTree = "<group>";
		};
		C534D798118B7BBC001A4856 /* ZipArchive */ = {
			isa = PBXGroup;
			children = (
				C534D799118B7BBC001A4856 /* minizip */,
				C534D7A3118B7BBC001A4856 /* ZipArchive.mm */,
				C534D7A4118B7BBC001A4856 /* ZipArchive.h */,
			);
			name = ZipArchive;
			sourceTree = "<group>";
		};
		C534D799118B7BBC001A4856 /* minizip */ = {
			isa = PBXGroup;
			children = (
				C534D79A118B7BBC001A4856 /* crypt.h */,
				C534D79B118B7BBC001A4856 /* ioapi.c */,
				C534D79C118B7BBC001A4856 /* ioapi.h */,
				C534D79D118B7BBC001A4856 /* mztools.c */,
				C534D79E118B7BBC001A4856 /* mztools.h */,
				C534D79F118B7BBC001A4856 /* unzip.c */,
				C534D7A0118B7BBC001A4856 /* unzip.h */,
				C534D7A1118B7BBC001A4856 /* zip.c */,
				C534D7A2118B7BBC001A4856 /* zip.h */,
			);
			path = minizip;
			sourceTree = "<group>";
		};
		C534D7BD118B7C7A001A4856 /* cocoahttpserver */ = {
			isa = PBXGroup;
			children = (
				C534D7BE118B7C7A001A4856 /* localhostAddresses.h */,
				C534D7BF118B7C7A001A4856 /* localhostAddresses.m */,
				C534D7C0118B7C7A001A4856 /* MyHTTPConnection.h */,
				C534D7C1118B7C7A001A4856 /* MyHTTPConnection.m */,
				C534D7C2118B7C7A001A4856 /* AsyncSocket.h */,
				C534D7C3118B7C7A001A4856 /* AsyncSocket.m */,
				C534D7C4118B7C7A001A4856 /* DDData.h */,
				C534D7C5118B7C7A001A4856 /* DDData.m */,
				C534D7C6118B7C7A001A4856 /* DDNumber.h */,
				C534D7C7118B7C7A001A4856 /* DDNumber.m */,
				C534D7C8118B7C7A001A4856 /* DDRange.h */,
				C534D7C9118B7C7A001A4856 /* DDRange.m */,
				C534D7CA118B7C7A001A4856 /* HTTPAsyncFileResponse.h */,
				C534D7CB118B7C7A001A4856 /* HTTPAsyncFileResponse.m */,
				C534D7CC118B7C7A001A4856 /* HTTPAuthenticationRequest.h */,
				C534D7CD118B7C7A001A4856 /* HTTPAuthenticationRequest.m */,
				C534D7CE118B7C7A001A4856 /* HTTPConnection.h */,
				C534D7CF118B7C7A001A4856 /* HTTPConnection.m */,
				C534D7D0118B7C7A001A4856 /* HTTPResponse.h */,
				C534D7D1118B7C7A001A4856 /* HTTPResponse.m */,
				C534D7D2118B7C7A001A4856 /* HTTPServer.h */,
				C534D7D3118B7C7A001A4856 /* HTTPServer.m */,
				C534D7D4118B7C7A001A4856 /* ReadMe.txt */,
			);
			name = cocoahttpserver;
			sourceTree = "<group>";
		};
		C5BD794E134E39F100C42582 /* ViewControllers */ = {
			isa = PBXGroup;
			children = (
				28042007108E984D000629CD /* RootViewController.h */,
				28042008108E984D000629CD /* RootViewController.m */,
				C534D80D118BA7F0001A4856 /* ItemTableViewController.h */,
				C534D80E118BA7F0001A4856 /* ItemTableViewController.m */,
				28042009108E984D000629CD /* DetailViewController.h */,
				2804200A108E984D000629CD /* DetailViewController.m */,
				C534D99A118E4EC8001A4856 /* SettingsTableViewController.h */,
				C534D99B118E4EC8001A4856 /* SettingsTableViewController.m */,
				C537AB6C11904507005EC707 /* NewItemViewController.h */,
				C537AB6D11904507005EC707 /* NewItemViewController.m */,
				C549B61611FBCE1D005FBAD8 /* ContentWebViewController.h */,
				C549B61711FBCE1D005FBAD8 /* ContentWebViewController.m */,
				C5D91C1812A12C8D00E33A16 /* ColorPickerViewController.h */,
				C5D91C1912A12C8D00E33A16 /* ColorPickerViewController.m */,
				C5D91CD112A154A700E33A16 /* GenericPickerViewController.h */,
				C5D91CD212A154A700E33A16 /* GenericPickerViewController.m */,
			);
			name = ViewControllers;
			sourceTree = "<group>";
		};
		C5BD794F134E3A6A00C42582 /* Views */ = {
			isa = PBXGroup;
			children = (
				C501396712A2E571002C635A /* ItemLoadingView.h */,
				C501396812A2E571002C635A /* ItemLoadingView.m */,
				C549B61011FBCDA9005FBAD8 /* ContentWebView.h */,
				C549B61111FBCDA9005FBAD8 /* ContentWebView.m */,
				C59308AB12A08A1300E4C0EE /* LoadingView.h */,
				C59308AC12A08A1300E4C0EE /* LoadingView.m */,
				C599DB4D118915DC006E9CB3 /* BPTextView.h */,
				C599DB4E118915DC006E9CB3 /* BPTextView.m */,
			);
			name = Views;
			sourceTree = "<group>";
		};
		C5BD7950134E3A8000C42582 /* Models */ = {
			isa = PBXGroup;
			children = (
				C599DC361189FE14006E9CB3 /* BPItemManager.h */,
				C599DC371189FE14006E9CB3 /* BPItemManager.m */,
				C535C22511B72BF000B4C6E7 /* BPBaseStorageClient.h */,
				C535C22611B72BF000B4C6E7 /* BPBaseStorageClient.m */,
				C535C23011B72C9200B4C6E7 /* BPFileSystemStorageClient.h */,
				C535C23111B72C9200B4C6E7 /* BPFileSystemStorageClient.m */,
				C535C23511B72D1200B4C6E7 /* BPDropboxStorageClient.h */,
				C535C23611B72D1200B4C6E7 /* BPDropboxStorageClient.m */,
				C535BFF811B483D700B4C6E7 /* BPDropboxItemStore.m */,
				C535BFF911B483D700B4C6E7 /* BPDropboxItemStore.h */,
				C599DC3F1189FEC4006E9CB3 /* BPItem.h */,
				C599DC401189FEC4006E9CB3 /* BPItem.m */,
				C534D9CF118F006C001A4856 /* BPConfig.h */,
				C534D9D0118F006C001A4856 /* BPConfig.m */,
				C5D43D6311AC9A64002A55C8 /* BPFileSystemItemStore.h */,
				C5D43D6411AC9A64002A55C8 /* BPFileSystemItemStore.m */,
				C5D43D6C11AC9C90002A55C8 /* BPBaseItemStore.h */,
				C5D43D6D11AC9C90002A55C8 /* BPBaseItemStore.m */,
				C5ECD80A1245356B00E63E19 /* BPColorManager.h */,
				C5ECD80B1245356B00E63E19 /* BPColorManager.m */,
				C5ECD884124582D300E63E19 /* BPMetadata.h */,
				C5ECD885124582D300E63E19 /* BPMetadata.m */,
				C5D91D4712A1944400E33A16 /* BPApp.h */,
				C5D91D4812A1944400E33A16 /* BPApp.m */,
			);
			name = Models;
			sourceTree = "<group>";
		};
		C5BD7951134E3B3900C42582 /* Vendor */ = {
			isa = PBXGroup;
			children = (
				C5C0274D129CAEF9003DBBEC /* DropboxSDK */,
				C5ECD8331245497E00E63E19 /* ARFontPicker */,
				C534D7BD118B7C7A001A4856 /* cocoahttpserver */,
				C534D798118B7BBC001A4856 /* ZipArchive */,
				C534D773118B7AF4001A4856 /* Reachability */,
				C5D91D7F12A1EA1100E33A16 /* MGSplitViewController */,
			);
			name = Vendor;
			sourceTree = "<group>";
		};
		C5C0274D129CAEF9003DBBEC /* DropboxSDK */ = {
			isa = PBXGroup;
			children = (
				C5C0274E129CAEF9003DBBEC /* DropboxSDK.h */,
				C5C0274F129CAEF9003DBBEC /* DBAccountInfo.h */,
				C5C02750129CAEF9003DBBEC /* DBAccountInfo.m */,
				C5C02751129CAEF9003DBBEC /* DBCreateAccountController.h */,
				C5C02752129CAEF9003DBBEC /* DBCreateAccountController.m */,
				C5C02753129CAEF9003DBBEC /* DBError.h */,
				C5C02754129CAEF9003DBBEC /* DBError.m */,
				C5C02755129CAEF9003DBBEC /* DBLoadingView.h */,
				C5C02756129CAEF9003DBBEC /* DBLoadingView.m */,
				C5C02757129CAEF9003DBBEC /* DBLoginController.h */,
				C5C02758129CAEF9003DBBEC /* DBLoginController.m */,
				C5C02759129CAEF9003DBBEC /* DBMetadata.h */,
				C5C0275A129CAEF9003DBBEC /* DBMetadata.m */,
				C5C0275B129CAEF9003DBBEC /* DBQuota.h */,
				C5C0275C129CAEF9003DBBEC /* DBQuota.m */,
				C5C0275D129CAEF9003DBBEC /* DBRequest.h */,
				C5C0275E129CAEF9003DBBEC /* DBRequest.m */,
				C5C0275F129CAEF9003DBBEC /* DBRestClient.h */,
				C5C02760129CAEF9003DBBEC /* DBRestClient.m */,
				C5C02761129CAEF9003DBBEC /* DBSession.h */,
				C5C02762129CAEF9003DBBEC /* DBSession.m */,
				C5C02763129CAEF9003DBBEC /* NSString+Dropbox.h */,
				C5C02764129CAEF9003DBBEC /* NSString+Dropbox.m */,
				C5C02765129CAEF9003DBBEC /* JSON */,
				C5C02773129CAEF9003DBBEC /* MPOAuth */,
				C5C02798129CAEF9003DBBEC /* Resources */,
			);
			path = DropboxSDK;
			sourceTree = "<group>";
		};
		C5C02765129CAEF9003DBBEC /* JSON */ = {
			isa = PBXGroup;
			children = (
				C5C02766129CAEF9003DBBEC /* JSON.h */,
				C5C02767129CAEF9003DBBEC /* NSObject+SBJSON.h */,
				C5C02768129CAEF9003DBBEC /* NSObject+SBJSON.m */,
				C5C02769129CAEF9003DBBEC /* NSString+SBJSON.h */,
				C5C0276A129CAEF9003DBBEC /* NSString+SBJSON.m */,
				C5C0276B129CAEF9003DBBEC /* SBJSON.h */,
				C5C0276C129CAEF9003DBBEC /* SBJSON.m */,
				C5C0276D129CAEF9003DBBEC /* SBJsonBase.h */,
				C5C0276E129CAEF9003DBBEC /* SBJsonBase.m */,
				C5C0276F129CAEF9003DBBEC /* SBJsonParser.h */,
				C5C02770129CAEF9003DBBEC /* SBJsonParser.m */,
				C5C02771129CAEF9003DBBEC /* SBJsonWriter.h */,
				C5C02772129CAEF9003DBBEC /* SBJsonWriter.m */,
			);
			path = JSON;
			sourceTree = "<group>";
		};
		C5C02773129CAEF9003DBBEC /* MPOAuth */ = {
			isa = PBXGroup;
			children = (
				C5C02774129CAEF9003DBBEC /* Crypto */,
				C5C02777129CAEF9003DBBEC /* MPDebug.h */,
				C5C02778129CAEF9003DBBEC /* MPOAuth.h */,
				C5C02779129CAEF9003DBBEC /* MPOAuthAPI.h */,
				C5C0277A129CAEF9003DBBEC /* MPOAuthAPI.m */,
				C5C0277B129CAEF9003DBBEC /* MPOAuthAPIRequestLoader.h */,
				C5C0277C129CAEF9003DBBEC /* MPOAuthAPIRequestLoader.m */,
				C5C0277D129CAEF9003DBBEC /* MPOAuthAuthenticationMethod.h */,
				C5C0277E129CAEF9003DBBEC /* MPOAuthAuthenticationMethod.m */,
				C5C0277F129CAEF9003DBBEC /* MPOAuthAuthenticationMethodOAuth.h */,
				C5C02780129CAEF9003DBBEC /* MPOAuthAuthenticationMethodOAuth.m */,
				C5C02781129CAEF9003DBBEC /* MPOAuthConnection.h */,
				C5C02782129CAEF9003DBBEC /* MPOAuthConnection.m */,
				C5C02783129CAEF9003DBBEC /* MPOAuthCredentiaIConcreteStore+KeychainAdditionsMac.m */,
				C5C02784129CAEF9003DBBEC /* MPOAuthCredentialConcreteStore+KeychainAdditions.h */,
				C5C02785129CAEF9003DBBEC /* MPOAuthCredentialConcreteStore+KeychainAdditionsiPhone.m */,
				C5C02786129CAEF9003DBBEC /* MPOAuthCredentialConcreteStore.h */,
				C5C02787129CAEF9003DBBEC /* MPOAuthCredentialConcreteStore.m */,
				C5C02788129CAEF9003DBBEC /* MPOAuthCredentialStore.h */,
				C5C02789129CAEF9003DBBEC /* MPOAuthParameterFactory.h */,
				C5C0278A129CAEF9003DBBEC /* MPOAuthSignatureParameter.h */,
				C5C0278B129CAEF9003DBBEC /* MPOAuthSignatureParameter.m */,
				C5C0278C129CAEF9003DBBEC /* MPOAuthURLRequest.h */,
				C5C0278D129CAEF9003DBBEC /* MPOAuthURLRequest.m */,
				C5C0278E129CAEF9003DBBEC /* MPOAuthURLResponse.h */,
				C5C0278F129CAEF9003DBBEC /* MPOAuthURLResponse.m */,
				C5C02790129CAEF9003DBBEC /* MPURLRequestParameter.h */,
				C5C02791129CAEF9003DBBEC /* MPURLRequestParameter.m */,
				C5C02792129CAEF9003DBBEC /* NSString+URLEscapingAdditions.h */,
				C5C02793129CAEF9003DBBEC /* NSString+URLEscapingAdditions.m */,
				C5C02794129CAEF9003DBBEC /* NSURL+MPURLParameterAdditions.h */,
				C5C02795129CAEF9003DBBEC /* NSURL+MPURLParameterAdditions.m */,
				C5C02796129CAEF9003DBBEC /* NSURLResponse+Encoding.h */,
				C5C02797129CAEF9003DBBEC /* NSURLResponse+Encoding.m */,
			);
			path = MPOAuth;
			sourceTree = "<group>";
		};
		C5C02774129CAEF9003DBBEC /* Crypto */ = {
			isa = PBXGroup;
			children = (
				C5C02775129CAEF9003DBBEC /* Base64Transcoder.c */,
				C5C02776129CAEF9003DBBEC /* Base64Transcoder.h */,
			);
			path = Crypto;
			sourceTree = "<group>";
		};
		C5C02798129CAEF9003DBBEC /* Resources */ = {
			isa = PBXGroup;
			children = (
				C5C02799129CAEF9003DBBEC /* db_background.png */,
				C5C0279A129CAEF9003DBBEC /* db_create_account.png */,
				C5C0279B129CAEF9003DBBEC /* db_create_account@2x.png */,
				C5C0279C129CAEF9003DBBEC /* db_create_account_button.png */,
				C5C0279D129CAEF9003DBBEC /* db_create_account_button_down.png */,
				C5C0279E129CAEF9003DBBEC /* db_link_button.png */,
				C5C0279F129CAEF9003DBBEC /* db_link_button_down.png */,
				C5C027A0129CAEF9003DBBEC /* db_link_header.png */,
				C5C027A1129CAEF9003DBBEC /* db_link_header@2x.png */,
				C5C027A2129CAEF9003DBBEC /* db_logo.png */,
				C5C027A3129CAEF9003DBBEC /* db_logo@2x.png */,
			);
			path = Resources;
			sourceTree = "<group>";
		};
		C5D91D7F12A1EA1100E33A16 /* MGSplitViewController */ = {
			isa = PBXGroup;
			children = (
				C5D91D8012A1EA1100E33A16 /* MGSplitViewController.h */,
				C5D91D8112A1EA1100E33A16 /* MGSplitViewController.m */,
				C5D91D8212A1EA1100E33A16 /* MGSplitDividerView.h */,
				C5D91D8312A1EA1100E33A16 /* MGSplitDividerView.m */,
				C5D91D8412A1EA1100E33A16 /* MGSplitCornersView.h */,
				C5D91D8512A1EA1100E33A16 /* MGSplitCornersView.m */,
			);
			name = MGSplitViewController;
			sourceTree = "<group>";
		};
		C5ECD8331245497E00E63E19 /* ARFontPicker */ = {
			isa = PBXGroup;
			children = (
				C5ECD8341245497E00E63E19 /* ARFontPickerViewController.h */,
				C5ECD8351245497E00E63E19 /* ARFontPickerViewController.m */,
			);
			path = ARFontPicker;
			sourceTree = "<group>";
		};
/* End PBXGroup section */

/* Begin PBXNativeTarget section */
		1D6058900D05DD3D006BFB54 /* text */ = {
			isa = PBXNativeTarget;
			buildConfigurationList = 1D6058960D05DD3E006BFB54 /* Build configuration list for PBXNativeTarget "text" */;
			buildPhases = (
				1D60588D0D05DD3D006BFB54 /* Resources */,
				1D60588E0D05DD3D006BFB54 /* Sources */,
				1D60588F0D05DD3D006BFB54 /* Frameworks */,
			);
			buildRules = (
			);
			dependencies = (
			);
			name = text;
			productName = text;
			productReference = 1D6058910D05DD3D006BFB54 /* text.app */;
			productType = "com.apple.product-type.application";
		};
/* End PBXNativeTarget section */

/* Begin PBXProject section */
		29B97313FDCFA39411CA2CEA /* Project object */ = {
			isa = PBXProject;
			buildConfigurationList = C01FCF4E08A954540054247B /* Build configuration list for PBXProject "text" */;
			compatibilityVersion = "Xcode 3.2";
			developmentRegion = English;
			hasScannedForEncodings = 1;
			knownRegions = (
				English,
				Japanese,
				French,
				German,
				en,
			);
			mainGroup = 29B97314FDCFA39411CA2CEA /* CustomTemplate */;
			projectDirPath = "";
			projectRoot = "";
			targets = (
				1D6058900D05DD3D006BFB54 /* text */,
			);
		};
/* End PBXProject section */

/* Begin PBXResourcesBuildPhase section */
		1D60588D0D05DD3D006BFB54 /* Resources */ = {
			isa = PBXResourcesBuildPhase;
			buildActionMask = 2147483647;
			files = (
				28AD73600D9D9599002E5188 /* MainWindow.xib in Resources */,
				2804203C108E9BAB000629CD /* DetailView.xib in Resources */,
				C534D7E0118B7C7A001A4856 /* ReadMe.txt in Resources */,
				C534D811118BA7F0001A4856 /* ItemTableViewController.xib in Resources */,
				C534D99E118E4EC8001A4856 /* SettingsTableViewController.xib in Resources */,
				C534DA0F118F02E3001A4856 /* www in Resources */,
				C534DA1B118F03E9001A4856 /* config in Resources */,
				C537AB7011904507005EC707 /* NewItemViewController.xib in Resources */,
				C51B76EF1192FC3A00BB1830 /* options.png in Resources */,
				C51B781C1193064200BB1830 /* iPad-Launch-Image-Portrait.png in Resources */,
				C51B781D1193064200BB1830 /* iPad-Launch-Image-Landscape.png in Resources */,
				C51B78271193131000BB1830 /* app-icon.png in Resources */,
				C549B61A11FBCE1D005FBAD8 /* ContentWebViewController.xib in Resources */,
				C5ECD8811245815000E63E19 /* metadata.json in Resources */,
				C5C027C5129CAEF9003DBBEC /* db_background.png in Resources */,
				C5C027C6129CAEF9003DBBEC /* db_create_account.png in Resources */,
				C5C027C7129CAEF9003DBBEC /* db_create_account@2x.png in Resources */,
				C5C027C8129CAEF9003DBBEC /* db_create_account_button.png in Resources */,
				C5C027C9129CAEF9003DBBEC /* db_create_account_button_down.png in Resources */,
				C5C027CA129CAEF9003DBBEC /* db_link_button.png in Resources */,
				C5C027CB129CAEF9003DBBEC /* db_link_button_down.png in Resources */,
				C5C027CC129CAEF9003DBBEC /* db_link_header.png in Resources */,
				C5C027CD129CAEF9003DBBEC /* db_link_header@2x.png in Resources */,
				C5C027CE129CAEF9003DBBEC /* db_logo.png in Resources */,
				C5C027CF129CAEF9003DBBEC /* db_logo@2x.png in Resources */,
				C5D91C1C12A12C8D00E33A16 /* ColorPickerViewController.xib in Resources */,
				C5D91CD512A154A700E33A16 /* GenericPickerViewController.xib in Resources */,
				C501396512A2E50F002C635A /* ItemLoadingView.xib in Resources */,
				C5013ACC12A3FE08002C635A /* dropbox-api-icons in Resources */,
			);
			runOnlyForDeploymentPostprocessing = 0;
		};
/* End PBXResourcesBuildPhase section */

/* Begin PBXSourcesBuildPhase section */
		1D60588E0D05DD3D006BFB54 /* Sources */ = {
			isa = PBXSourcesBuildPhase;
			buildActionMask = 2147483647;
			files = (
				1D60589B0D05DD56006BFB54 /* main.m in Sources */,
				1D3623260D0F684500981E51 /* TextAppDelegate.m in Sources */,
				2804200B108E984D000629CD /* RootViewController.m in Sources */,
				2804200C108E984D000629CD /* DetailViewController.m in Sources */,
				2819300E112F7FA900ECF9B4 /* text.xcdatamodeld in Sources */,
				C599DB4F118915DC006E9CB3 /* BPTextView.m in Sources */,
				C599DC381189FE14006E9CB3 /* BPItemManager.m in Sources */,
				C599DC411189FEC4006E9CB3 /* BPItem.m in Sources */,
				C534D77E118B7B15001A4856 /* Reachability.m in Sources */,
				C534D7A5118B7BBC001A4856 /* ioapi.c in Sources */,
				C534D7A6118B7BBC001A4856 /* mztools.c in Sources */,
				C534D7A7118B7BBC001A4856 /* unzip.c in Sources */,
				C534D7A8118B7BBC001A4856 /* zip.c in Sources */,
				C534D7A9118B7BBC001A4856 /* ZipArchive.mm in Sources */,
				C534D7D5118B7C7A001A4856 /* localhostAddresses.m in Sources */,
				C534D7D6118B7C7A001A4856 /* MyHTTPConnection.m in Sources */,
				C534D7D7118B7C7A001A4856 /* AsyncSocket.m in Sources */,
				C534D7D8118B7C7A001A4856 /* DDData.m in Sources */,
				C534D7D9118B7C7A001A4856 /* DDNumber.m in Sources */,
				C534D7DA118B7C7A001A4856 /* DDRange.m in Sources */,
				C534D7DB118B7C7A001A4856 /* HTTPAsyncFileResponse.m in Sources */,
				C534D7DC118B7C7A001A4856 /* HTTPAuthenticationRequest.m in Sources */,
				C534D7DD118B7C7A001A4856 /* HTTPConnection.m in Sources */,
				C534D7DE118B7C7A001A4856 /* HTTPResponse.m in Sources */,
				C534D7DF118B7C7A001A4856 /* HTTPServer.m in Sources */,
				C534D810118BA7F0001A4856 /* ItemTableViewController.m in Sources */,
				C534D99D118E4EC8001A4856 /* SettingsTableViewController.m in Sources */,
				C534D9D1118F006C001A4856 /* BPConfig.m in Sources */,
				C537AB6F11904507005EC707 /* NewItemViewController.m in Sources */,
				C5D43D6511AC9A64002A55C8 /* BPFileSystemItemStore.m in Sources */,
				C5D43D6E11AC9C90002A55C8 /* BPBaseItemStore.m in Sources */,
				C535BFFA11B483D700B4C6E7 /* BPDropboxItemStore.m in Sources */,
				C535C22711B72BF000B4C6E7 /* BPBaseStorageClient.m in Sources */,
				C535C23211B72C9200B4C6E7 /* BPFileSystemStorageClient.m in Sources */,
				C535C23711B72D1200B4C6E7 /* BPDropboxStorageClient.m in Sources */,
				C549B61211FBCDA9005FBAD8 /* ContentWebView.m in Sources */,
				C549B61911FBCE1D005FBAD8 /* ContentWebViewController.m in Sources */,
				C5ECD80C1245356B00E63E19 /* BPColorManager.m in Sources */,
				C5ECD8361245497E00E63E19 /* ARFontPickerViewController.m in Sources */,
				C5ECD886124582D300E63E19 /* BPMetadata.m in Sources */,
				C5C027A4129CAEF9003DBBEC /* DBAccountInfo.m in Sources */,
				C5C027A5129CAEF9003DBBEC /* DBCreateAccountController.m in Sources */,
				C5C027A6129CAEF9003DBBEC /* DBError.m in Sources */,
				C5C027A7129CAEF9003DBBEC /* DBLoadingView.m in Sources */,
				C5C027A8129CAEF9003DBBEC /* DBLoginController.m in Sources */,
				C5C027A9129CAEF9003DBBEC /* DBMetadata.m in Sources */,
				C5C027AA129CAEF9003DBBEC /* DBQuota.m in Sources */,
				C5C027AB129CAEF9003DBBEC /* DBRequest.m in Sources */,
				C5C027AC129CAEF9003DBBEC /* DBRestClient.m in Sources */,
				C5C027AD129CAEF9003DBBEC /* DBSession.m in Sources */,
				C5C027AE129CAEF9003DBBEC /* NSString+Dropbox.m in Sources */,
				C5C027AF129CAEF9003DBBEC /* NSObject+SBJSON.m in Sources */,
				C5C027B0129CAEF9003DBBEC /* NSString+SBJSON.m in Sources */,
				C5C027B1129CAEF9003DBBEC /* SBJSON.m in Sources */,
				C5C027B2129CAEF9003DBBEC /* SBJsonBase.m in Sources */,
				C5C027B3129CAEF9003DBBEC /* SBJsonParser.m in Sources */,
				C5C027B4129CAEF9003DBBEC /* SBJsonWriter.m in Sources */,
				C5C027B5129CAEF9003DBBEC /* Base64Transcoder.c in Sources */,
				C5C027B6129CAEF9003DBBEC /* MPOAuthAPI.m in Sources */,
				C5C027B7129CAEF9003DBBEC /* MPOAuthAPIRequestLoader.m in Sources */,
				C5C027B8129CAEF9003DBBEC /* MPOAuthAuthenticationMethod.m in Sources */,
				C5C027B9129CAEF9003DBBEC /* MPOAuthAuthenticationMethodOAuth.m in Sources */,
				C5C027BA129CAEF9003DBBEC /* MPOAuthConnection.m in Sources */,
				C5C027BB129CAEF9003DBBEC /* MPOAuthCredentiaIConcreteStore+KeychainAdditionsMac.m in Sources */,
				C5C027BC129CAEF9003DBBEC /* MPOAuthCredentialConcreteStore+KeychainAdditionsiPhone.m in Sources */,
				C5C027BD129CAEF9003DBBEC /* MPOAuthCredentialConcreteStore.m in Sources */,
				C5C027BE129CAEF9003DBBEC /* MPOAuthSignatureParameter.m in Sources */,
				C5C027BF129CAEF9003DBBEC /* MPOAuthURLRequest.m in Sources */,
				C5C027C0129CAEF9003DBBEC /* MPOAuthURLResponse.m in Sources */,
				C5C027C1129CAEF9003DBBEC /* MPURLRequestParameter.m in Sources */,
				C5C027C2129CAEF9003DBBEC /* NSString+URLEscapingAdditions.m in Sources */,
				C5C027C3129CAEF9003DBBEC /* NSURL+MPURLParameterAdditions.m in Sources */,
				C5C027C4129CAEF9003DBBEC /* NSURLResponse+Encoding.m in Sources */,
				C59308AD12A08A1300E4C0EE /* LoadingView.m in Sources */,
				C5D91C1B12A12C8D00E33A16 /* ColorPickerViewController.m in Sources */,
				C5D91CD412A154A700E33A16 /* GenericPickerViewController.m in Sources */,
				C5D91D4912A1944400E33A16 /* BPApp.m in Sources */,
				C5D91D8612A1EA1100E33A16 /* MGSplitViewController.m in Sources */,
				C5D91D8712A1EA1100E33A16 /* MGSplitDividerView.m in Sources */,
				C5D91D8812A1EA1100E33A16 /* MGSplitCornersView.m in Sources */,
				C501396912A2E571002C635A /* ItemLoadingView.m in Sources */,
			);
			runOnlyForDeploymentPostprocessing = 0;
		};
/* End PBXSourcesBuildPhase section */

/* Begin XCBuildConfiguration section */
		1D6058940D05DD3E006BFB54 /* Debug */ = {
			isa = XCBuildConfiguration;
			buildSettings = {
				ALWAYS_SEARCH_USER_PATHS = NO;
				COPY_PHASE_STRIP = NO;
				GCC_DYNAMIC_NO_PIC = NO;
				GCC_OPTIMIZATION_LEVEL = 0;
				GCC_PRECOMPILE_PREFIX_HEADER = YES;
				GCC_PREFIX_HEADER = text_Prefix.pch;
				INFOPLIST_FILE = "text-Info.plist";
				IPHONEOS_DEPLOYMENT_TARGET = 4.0;
				PRODUCT_NAME = text;
			};
			name = Debug;
		};
		1D6058950D05DD3E006BFB54 /* Release */ = {
			isa = XCBuildConfiguration;
			buildSettings = {
				ALWAYS_SEARCH_USER_PATHS = NO;
				COPY_PHASE_STRIP = YES;
				GCC_PRECOMPILE_PREFIX_HEADER = YES;
				GCC_PREFIX_HEADER = text_Prefix.pch;
				INFOPLIST_FILE = "text-Info.plist";
				IPHONEOS_DEPLOYMENT_TARGET = 4.0;
				PRODUCT_NAME = text;
				VALIDATE_PRODUCT = YES;
			};
			name = Release;
		};
		C01FCF4F08A954540054247B /* Debug */ = {
			isa = XCBuildConfiguration;
			buildSettings = {
				ARCHS = "$(ARCHS_UNIVERSAL_IPHONE_OS)";
				"CODE_SIGN_IDENTITY[sdk=iphoneos*]" = "iPhone Developer: Brian Pfeil (2H5S3M96K8)";
				GCC_C_LANGUAGE_STANDARD = c99;
				GCC_WARN_ABOUT_RETURN_TYPE = YES;
				GCC_WARN_UNUSED_VARIABLE = YES;
				PREBINDING = NO;
				"PROVISIONING_PROFILE[sdk=iphoneos*]" = "7D7A690B-46DC-45D7-8287-DFD191A64912";
				SDKROOT = iphoneos4.2;
				TARGETED_DEVICE_FAMILY = 2;
			};
			name = Debug;
		};
		C01FCF5008A954540054247B /* Release */ = {
			isa = XCBuildConfiguration;
			buildSettings = {
				ARCHS = "$(ARCHS_UNIVERSAL_IPHONE_OS)";
				"CODE_SIGN_IDENTITY[sdk=iphoneos*]" = "iPhone Developer: Brian Pfeil (2H5S3M96K8)";
				GCC_C_LANGUAGE_STANDARD = c99;
				GCC_WARN_ABOUT_RETURN_TYPE = YES;
				GCC_WARN_UNUSED_VARIABLE = YES;
				OTHER_CFLAGS = "-DNS_BLOCK_ASSERTIONS=1";
				PREBINDING = NO;
				"PROVISIONING_PROFILE[sdk=iphoneos*]" = "7D7A690B-46DC-45D7-8287-DFD191A64912";
				SDKROOT = iphoneos4.2;
				TARGETED_DEVICE_FAMILY = 2;
			};
			name = Release;
		};
/* End XCBuildConfiguration section */

/* Begin XCConfigurationList section */
		1D6058960D05DD3E006BFB54 /* Build configuration list for PBXNativeTarget "text" */ = {
			isa = XCConfigurationList;
			buildConfigurations = (
				1D6058940D05DD3E006BFB54 /* Debug */,
				1D6058950D05DD3E006BFB54 /* Release */,
			);
			defaultConfigurationIsVisible = 0;
			defaultConfigurationName = Release;
		};
		C01FCF4E08A954540054247B /* Build configuration list for PBXProject "text" */ = {
			isa = XCConfigurationList;
			buildConfigurations = (
				C01FCF4F08A954540054247B /* Debug */,
				C01FCF5008A954540054247B /* Release */,
			);
			defaultConfigurationIsVisible = 0;
			defaultConfigurationName = Release;
		};
/* End XCConfigurationList section */

/* Begin XCVersionGroup section */
		2819300D112F7FA900ECF9B4 /* text.xcdatamodeld */ = {
			isa = XCVersionGroup;
			children = (
				280420B3108E9F58000629CD /* text.xcdatamodel */,
			);
			currentVersion = 280420B3108E9F58000629CD /* text.xcdatamodel */;
			path = text.xcdatamodeld;
			sourceTree = "<group>";
			versionGroupType = wrapper.xcdatamodel;
		};
/* End XCVersionGroup section */
	};
	rootObject = 29B97313FDCFA39411CA2CEA /* Project object */;
}
